// !$*UTF8*$!
{
	archiveVersion = 1;
	classes = {
	};
	objectVersion = 56;
	objects = {

/* Begin PBXBuildFile section */
		4E0E971A29B6016300B367D4 /* Double.swift in Sources */ = {isa = PBXBuildFile; fileRef = 4E0E971929B6016300B367D4 /* Double.swift */; };
		4E1AC6F8292ECA9B00872C5C /* APIRequest.swift in Sources */ = {isa = PBXBuildFile; fileRef = 4E1AC6F7292ECA9B00872C5C /* APIRequest.swift */; };
		4E1AC6FA292ECE7400872C5C /* APIClient.swift in Sources */ = {isa = PBXBuildFile; fileRef = 4E1AC6F9292ECE7400872C5C /* APIClient.swift */; };
		4E1C3071292BB6FD00F5859D /* RxCocoa in Frameworks */ = {isa = PBXBuildFile; productRef = 4E1C3070292BB6FD00F5859D /* RxCocoa */; };
		4E1C3073292BB6FD00F5859D /* RxRelay in Frameworks */ = {isa = PBXBuildFile; productRef = 4E1C3072292BB6FD00F5859D /* RxRelay */; };
		4E1C3075292BB6FD00F5859D /* RxSwift in Frameworks */ = {isa = PBXBuildFile; productRef = 4E1C3074292BB6FD00F5859D /* RxSwift */; };
		4E21EB9229D326CC0007B8DB /* CombineWithLatest.swift in Sources */ = {isa = PBXBuildFile; fileRef = 4E21EB9129D326CC0007B8DB /* CombineWithLatest.swift */; };
		4E28ED1129D0DB380076A7A4 /* ShowMyLocationButton.swift in Sources */ = {isa = PBXBuildFile; fileRef = 4E28ED1029D0DB380076A7A4 /* ShowMyLocationButton.swift */; };
		4E2977A52958A79F00FC7965 /* MapboxDirections in Frameworks */ = {isa = PBXBuildFile; productRef = 4E2977A42958A79F00FC7965 /* MapboxDirections */; };
		4E2DA2E929F43D4000214692 /* UIAlertController.swift in Sources */ = {isa = PBXBuildFile; fileRef = 4E2DA2E829F43D4000214692 /* UIAlertController.swift */; };
		4E36E8F92AC9FD0D007A8645 /* SnapKit in Frameworks */ = {isa = PBXBuildFile; productRef = 4E36E8F82AC9FD0D007A8645 /* SnapKit */; };
		4E37ECB4298BBA7700AB4D91 /* Destination.swift in Sources */ = {isa = PBXBuildFile; fileRef = 4E37ECB3298BBA7700AB4D91 /* Destination.swift */; };
		4E3D346B295612360083BF05 /* Mapbox.swift in Sources */ = {isa = PBXBuildFile; fileRef = 4E3D346A295612360083BF05 /* Mapbox.swift */; };
		4E3D346D2956125D0083BF05 /* Network.swift in Sources */ = {isa = PBXBuildFile; fileRef = 4E3D346C2956125D0083BF05 /* Network.swift */; };
		4E430FCB29B3F0CF00AB50E2 /* TimeFormatterOptions.swift in Sources */ = {isa = PBXBuildFile; fileRef = 4E430FCA29B3F0CF00AB50E2 /* TimeFormatterOptions.swift */; };
		4E4546FB292D730A0068070A /* SanisetteData.swift in Sources */ = {isa = PBXBuildFile; fileRef = 4E4546FA292D730A0068070A /* SanisetteData.swift */; };
		4E4896EA292D464000E1C6AE /* Alamofire in Frameworks */ = {isa = PBXBuildFile; productRef = 4E4896E9292D464000E1C6AE /* Alamofire */; };
		4E51A0F029E74C1200366453 /* AsEmpty.swift in Sources */ = {isa = PBXBuildFile; fileRef = 4E51A0EF29E74C1200366453 /* AsEmpty.swift */; };
		4E52EF512983534F0021C9F4 /* UIView.swift in Sources */ = {isa = PBXBuildFile; fileRef = 4E52EF502983534F0021C9F4 /* UIView.swift */; };
		4E57568629BB375A00BA8336 /* ScheduleFormatter.swift in Sources */ = {isa = PBXBuildFile; fileRef = 4E57568529BB375A00BA8336 /* ScheduleFormatter.swift */; };
		4E58E7F72982E4CA005050CD /* BottomBannerViewController.swift in Sources */ = {isa = PBXBuildFile; fileRef = 4E58E7F52982E4CA005050CD /* BottomBannerViewController.swift */; };
		4E5AE96D2972BAE7006488FF /* LocationProvider.swift in Sources */ = {isa = PBXBuildFile; fileRef = 4E5AE96C2972BAE7006488FF /* LocationProvider.swift */; };
		4E5B749829B8E5710035627A /* String.swift in Sources */ = {isa = PBXBuildFile; fileRef = 4E5B749729B8E5710035627A /* String.swift */; };
		4E5B749A29B908860035627A /* UIColor.swift in Sources */ = {isa = PBXBuildFile; fileRef = 4E5B749929B908860035627A /* UIColor.swift */; };
		4E5FA03F292F836500FDEFC7 /* MapViewModel.swift in Sources */ = {isa = PBXBuildFile; fileRef = 4E5FA03E292F836500FDEFC7 /* MapViewModel.swift */; };
		4E644F3329C925AB000C9DFE /* RouteResponse .swift in Sources */ = {isa = PBXBuildFile; fileRef = 4E644F3229C925AB000C9DFE /* RouteResponse .swift */; };
		4E78498E29310E3500AD17B8 /* RxPointAnnotationManager.swift in Sources */ = {isa = PBXBuildFile; fileRef = 4E78498D29310E3500AD17B8 /* RxPointAnnotationManager.swift */; };
		4E7C601F29B63EF000568A49 /* DistanceFormatterOptions.swift in Sources */ = {isa = PBXBuildFile; fileRef = 4E7C601E29B63EF000568A49 /* DistanceFormatterOptions.swift */; };
		4E83C34929C4D8200007DD10 /* RouteProgress.swift in Sources */ = {isa = PBXBuildFile; fileRef = 4E83C34829C4D8200007DD10 /* RouteProgress.swift */; };
		4E88E67F29A57E8900CC7245 /* DestinationInfoView.swift in Sources */ = {isa = PBXBuildFile; fileRef = 4E88E67E29A57E8900CC7245 /* DestinationInfoView.swift */; };
		4E88E68129A581AC00CC7245 /* UIViewController.swift in Sources */ = {isa = PBXBuildFile; fileRef = 4E88E68029A581AC00CC7245 /* UIViewController.swift */; };
		4E8AD4B5299F725C00941B5E /* PresentationUnderlay.swift in Sources */ = {isa = PBXBuildFile; fileRef = 4E8AD4B4299F725C00941B5E /* PresentationUnderlay.swift */; };
		4E8DC018292B9648009A7B25 /* AppDelegate.swift in Sources */ = {isa = PBXBuildFile; fileRef = 4E8DC017292B9648009A7B25 /* AppDelegate.swift */; };
		4E8DC01A292B9648009A7B25 /* SceneDelegate.swift in Sources */ = {isa = PBXBuildFile; fileRef = 4E8DC019292B9648009A7B25 /* SceneDelegate.swift */; };
		4E8DC01C292B9648009A7B25 /* MapViewController.swift in Sources */ = {isa = PBXBuildFile; fileRef = 4E8DC01B292B9648009A7B25 /* MapViewController.swift */; };
		4E8DC021292B9648009A7B25 /* Assets.xcassets in Resources */ = {isa = PBXBuildFile; fileRef = 4E8DC020292B9648009A7B25 /* Assets.xcassets */; };
		4E9018F529683C73000893DD /* PolylineAnnotation.swift in Sources */ = {isa = PBXBuildFile; fileRef = 4E9018F429683C73000893DD /* PolylineAnnotation.swift */; };
		4E9018F7296843B3000893DD /* RxPolylineAnnotationManager.swift in Sources */ = {isa = PBXBuildFile; fileRef = 4E9018F6296843B3000893DD /* RxPolylineAnnotationManager.swift */; };
		4E90EDA2298AC243004D8E39 /* DestinationViewModel.swift in Sources */ = {isa = PBXBuildFile; fileRef = 4E90EDA1298AC243004D8E39 /* DestinationViewModel.swift */; };
		4E912D1029B632D100E719EA /* DistanceFormatter.swift in Sources */ = {isa = PBXBuildFile; fileRef = 4E912D0F29B632D100E719EA /* DistanceFormatter.swift */; };
		4E91CA3129D34A5D00C4A87C /* RxGestureManager.swift in Sources */ = {isa = PBXBuildFile; fileRef = 4E91CA3029D34A5D00C4A87C /* RxGestureManager.swift */; };
		4E9D6B5729EF4D92004378B9 /* Localizable.strings in Resources */ = {isa = PBXBuildFile; fileRef = 4E9D6B5929EF4D92004378B9 /* Localizable.strings */; };
		4EA0D90F29D08B2B002238D9 /* MapSceneView.swift in Sources */ = {isa = PBXBuildFile; fileRef = 4EA0D90E29D08B2B002238D9 /* MapSceneView.swift */; };
		4EA61BA829E9597800685DE1 /* ActivityIndicator.swift in Sources */ = {isa = PBXBuildFile; fileRef = 4EA61BA729E9597800685DE1 /* ActivityIndicator.swift */; };
		4EA9743A29F5F58E00C78A3C /* Race.swift in Sources */ = {isa = PBXBuildFile; fileRef = 4EA9743929F5F58E00C78A3C /* Race.swift */; };
		4EB27E0B292BBA7500A9938C /* MapboxMaps in Frameworks */ = {isa = PBXBuildFile; productRef = 4EB27E0A292BBA7500A9938C /* MapboxMaps */; };
		4EB28E7C29BE5DE400E7A961 /* NSAttributedString.swift in Sources */ = {isa = PBXBuildFile; fileRef = 4EB28E7B29BE5DE400E7A961 /* NSAttributedString.swift */; };
		4EB2B94229E9C9DF001B891B /* Messages.swift in Sources */ = {isa = PBXBuildFile; fileRef = 4EB2B94129E9C9DF001B891B /* Messages.swift */; };
		4EB30C0129F5DF3200C2C646 /* DestinationInfoView.xib in Resources */ = {isa = PBXBuildFile; fileRef = 4EB30C0329F5DF3200C2C646 /* DestinationInfoView.xib */; };
		4EB50E3529B396F00099F5A7 /* TimeFormatter.swift in Sources */ = {isa = PBXBuildFile; fileRef = 4EB50E3429B396F00099F5A7 /* TimeFormatter.swift */; };
		4EBA22D72ACABBCC00EE76B5 /* UserDataStorage.swift in Sources */ = {isa = PBXBuildFile; fileRef = 4EBA22D62ACABBCC00EE76B5 /* UserDataStorage.swift */; };
		4EC130532938DB7000CF4110 /* Map.swift in Sources */ = {isa = PBXBuildFile; fileRef = 4EC130522938DB7000CF4110 /* Map.swift */; };
		4EC32F6129B0A8060074B954 /* BackgroundMap.swift in Sources */ = {isa = PBXBuildFile; fileRef = 4EC32F6029B0A8060074B954 /* BackgroundMap.swift */; };
		4EC32F6329B0EE780074B954 /* Route.swift in Sources */ = {isa = PBXBuildFile; fileRef = 4EC32F6229B0EE780074B954 /* Route.swift */; };
		4ECD49872933B3510027D763 /* PointAnnotation.swift in Sources */ = {isa = PBXBuildFile; fileRef = 4ECD49862933B3510027D763 /* PointAnnotation.swift */; };
		4ECD49892933C7190027D763 /* UIImage.swift in Sources */ = {isa = PBXBuildFile; fileRef = 4ECD49882933C7190027D763 /* UIImage.swift */; };
		4EDAEC4C29BCF6A400AA8259 /* Strings.swift in Sources */ = {isa = PBXBuildFile; fileRef = 4EDAEC4B29BCF6A400AA8259 /* Strings.swift */; };
		4EDAEC5B29BD01BB00AA8259 /* Sequence.swift in Sources */ = {isa = PBXBuildFile; fileRef = 4EDAEC5A29BD01BB00AA8259 /* Sequence.swift */; };
		4EF3524B296AFCAB004ADB83 /* ErrorRouter.swift in Sources */ = {isa = PBXBuildFile; fileRef = 4EF3524A296AFCAB004ADB83 /* ErrorRouter.swift */; };
		4EF6599529FABAEB00C94AB2 /* Launch Screen.storyboard in Resources */ = {isa = PBXBuildFile; fileRef = 4EF6599429FABAEB00C94AB2 /* Launch Screen.storyboard */; };
		4EFFCD6B296264C900FD2BCC /* RouteClient.swift in Sources */ = {isa = PBXBuildFile; fileRef = 4EFFCD6A296264C900FD2BCC /* RouteClient.swift */; };
/* End PBXBuildFile section */

/* Begin PBXFileReference section */
		4E04D93029FAE3E1002849E5 /* Info.plist */ = {isa = PBXFileReference; fileEncoding = 4; lastKnownFileType = text.plist.xml; path = Info.plist; sourceTree = "<group>"; };
		4E0E971929B6016300B367D4 /* Double.swift */ = {isa = PBXFileReference; lastKnownFileType = sourcecode.swift; path = Double.swift; sourceTree = "<group>"; };
		4E1AC6F7292ECA9B00872C5C /* APIRequest.swift */ = {isa = PBXFileReference; lastKnownFileType = sourcecode.swift; path = APIRequest.swift; sourceTree = "<group>"; };
		4E1AC6F9292ECE7400872C5C /* APIClient.swift */ = {isa = PBXFileReference; lastKnownFileType = sourcecode.swift; path = APIClient.swift; sourceTree = "<group>"; };
		4E21EB9129D326CC0007B8DB /* CombineWithLatest.swift */ = {isa = PBXFileReference; lastKnownFileType = sourcecode.swift; path = CombineWithLatest.swift; sourceTree = "<group>"; };
		4E28ED1029D0DB380076A7A4 /* ShowMyLocationButton.swift */ = {isa = PBXFileReference; lastKnownFileType = sourcecode.swift; path = ShowMyLocationButton.swift; sourceTree = "<group>"; };
		4E2DA2E829F43D4000214692 /* UIAlertController.swift */ = {isa = PBXFileReference; lastKnownFileType = sourcecode.swift; path = UIAlertController.swift; sourceTree = "<group>"; };
		4E37ECB3298BBA7700AB4D91 /* Destination.swift */ = {isa = PBXFileReference; lastKnownFileType = sourcecode.swift; path = Destination.swift; sourceTree = "<group>"; };
		4E3D346A295612360083BF05 /* Mapbox.swift */ = {isa = PBXFileReference; lastKnownFileType = sourcecode.swift; path = Mapbox.swift; sourceTree = "<group>"; };
		4E3D346C2956125D0083BF05 /* Network.swift */ = {isa = PBXFileReference; lastKnownFileType = sourcecode.swift; path = Network.swift; sourceTree = "<group>"; };
		4E430FCA29B3F0CF00AB50E2 /* TimeFormatterOptions.swift */ = {isa = PBXFileReference; lastKnownFileType = sourcecode.swift; path = TimeFormatterOptions.swift; sourceTree = "<group>"; };
		4E4546FA292D730A0068070A /* SanisetteData.swift */ = {isa = PBXFileReference; lastKnownFileType = sourcecode.swift; path = SanisetteData.swift; sourceTree = "<group>"; };
		4E51A0EF29E74C1200366453 /* AsEmpty.swift */ = {isa = PBXFileReference; lastKnownFileType = sourcecode.swift; path = AsEmpty.swift; sourceTree = "<group>"; };
		4E52EF502983534F0021C9F4 /* UIView.swift */ = {isa = PBXFileReference; lastKnownFileType = sourcecode.swift; path = UIView.swift; sourceTree = "<group>"; };
		4E57568529BB375A00BA8336 /* ScheduleFormatter.swift */ = {isa = PBXFileReference; lastKnownFileType = sourcecode.swift; path = ScheduleFormatter.swift; sourceTree = "<group>"; };
		4E58E7F52982E4CA005050CD /* BottomBannerViewController.swift */ = {isa = PBXFileReference; indentWidth = 4; lastKnownFileType = sourcecode.swift; path = BottomBannerViewController.swift; sourceTree = "<group>"; tabWidth = 5; wrapsLines = 1; };
		4E5AE96C2972BAE7006488FF /* LocationProvider.swift */ = {isa = PBXFileReference; lastKnownFileType = sourcecode.swift; path = LocationProvider.swift; sourceTree = "<group>"; };
		4E5B749729B8E5710035627A /* String.swift */ = {isa = PBXFileReference; lastKnownFileType = sourcecode.swift; path = String.swift; sourceTree = "<group>"; };
		4E5B749929B908860035627A /* UIColor.swift */ = {isa = PBXFileReference; lastKnownFileType = sourcecode.swift; path = UIColor.swift; sourceTree = "<group>"; };
		4E5FA03E292F836500FDEFC7 /* MapViewModel.swift */ = {isa = PBXFileReference; lastKnownFileType = sourcecode.swift; path = MapViewModel.swift; sourceTree = "<group>"; };
		4E644F3229C925AB000C9DFE /* RouteResponse .swift */ = {isa = PBXFileReference; lastKnownFileType = sourcecode.swift; path = "RouteResponse .swift"; sourceTree = "<group>"; };
		4E78498D29310E3500AD17B8 /* RxPointAnnotationManager.swift */ = {isa = PBXFileReference; lastKnownFileType = sourcecode.swift; path = RxPointAnnotationManager.swift; sourceTree = "<group>"; };
		4E7C601E29B63EF000568A49 /* DistanceFormatterOptions.swift */ = {isa = PBXFileReference; lastKnownFileType = sourcecode.swift; path = DistanceFormatterOptions.swift; sourceTree = "<group>"; };
		4E83C34829C4D8200007DD10 /* RouteProgress.swift */ = {isa = PBXFileReference; lastKnownFileType = sourcecode.swift; path = RouteProgress.swift; sourceTree = "<group>"; };
		4E88E67E29A57E8900CC7245 /* DestinationInfoView.swift */ = {isa = PBXFileReference; lastKnownFileType = sourcecode.swift; path = DestinationInfoView.swift; sourceTree = "<group>"; };
		4E88E68029A581AC00CC7245 /* UIViewController.swift */ = {isa = PBXFileReference; lastKnownFileType = sourcecode.swift; path = UIViewController.swift; sourceTree = "<group>"; };
		4E8AD4B4299F725C00941B5E /* PresentationUnderlay.swift */ = {isa = PBXFileReference; lastKnownFileType = sourcecode.swift; path = PresentationUnderlay.swift; sourceTree = "<group>"; };
		4E8DC014292B9648009A7B25 /* Toilet Radar.app */ = {isa = PBXFileReference; explicitFileType = wrapper.application; includeInIndex = 0; path = "Toilet Radar.app"; sourceTree = BUILT_PRODUCTS_DIR; };
		4E8DC017292B9648009A7B25 /* AppDelegate.swift */ = {isa = PBXFileReference; lastKnownFileType = sourcecode.swift; path = AppDelegate.swift; sourceTree = "<group>"; };
		4E8DC019292B9648009A7B25 /* SceneDelegate.swift */ = {isa = PBXFileReference; lastKnownFileType = sourcecode.swift; path = SceneDelegate.swift; sourceTree = "<group>"; };
		4E8DC01B292B9648009A7B25 /* MapViewController.swift */ = {isa = PBXFileReference; lastKnownFileType = sourcecode.swift; path = MapViewController.swift; sourceTree = "<group>"; };
		4E8DC020292B9648009A7B25 /* Assets.xcassets */ = {isa = PBXFileReference; lastKnownFileType = folder.assetcatalog; path = Assets.xcassets; sourceTree = "<group>"; };
		4E9018F429683C73000893DD /* PolylineAnnotation.swift */ = {isa = PBXFileReference; lastKnownFileType = sourcecode.swift; path = PolylineAnnotation.swift; sourceTree = "<group>"; };
		4E9018F6296843B3000893DD /* RxPolylineAnnotationManager.swift */ = {isa = PBXFileReference; lastKnownFileType = sourcecode.swift; path = RxPolylineAnnotationManager.swift; sourceTree = "<group>"; };
		4E90EDA1298AC243004D8E39 /* DestinationViewModel.swift */ = {isa = PBXFileReference; lastKnownFileType = sourcecode.swift; path = DestinationViewModel.swift; sourceTree = "<group>"; };
		4E912D0F29B632D100E719EA /* DistanceFormatter.swift */ = {isa = PBXFileReference; lastKnownFileType = sourcecode.swift; path = DistanceFormatter.swift; sourceTree = "<group>"; };
		4E91CA3029D34A5D00C4A87C /* RxGestureManager.swift */ = {isa = PBXFileReference; lastKnownFileType = sourcecode.swift; path = RxGestureManager.swift; sourceTree = "<group>"; };
		4E9D6B5829EF4D92004378B9 /* en */ = {isa = PBXFileReference; lastKnownFileType = text.plist.strings; name = en; path = en.lproj/Localizable.strings; sourceTree = "<group>"; };
		4E9D6B5A29EF4DB9004378B9 /* fr */ = {isa = PBXFileReference; lastKnownFileType = text.plist.strings; name = fr; path = fr.lproj/Localizable.strings; sourceTree = "<group>"; };
		4E9D6B5B29EF4DDD004378B9 /* ru */ = {isa = PBXFileReference; lastKnownFileType = text.plist.strings; name = ru; path = ru.lproj/Localizable.strings; sourceTree = "<group>"; };
		4EA0D90E29D08B2B002238D9 /* MapSceneView.swift */ = {isa = PBXFileReference; lastKnownFileType = sourcecode.swift; path = MapSceneView.swift; sourceTree = "<group>"; };
		4EA61BA729E9597800685DE1 /* ActivityIndicator.swift */ = {isa = PBXFileReference; lastKnownFileType = sourcecode.swift; path = ActivityIndicator.swift; sourceTree = "<group>"; };
		4EA9743929F5F58E00C78A3C /* Race.swift */ = {isa = PBXFileReference; fileEncoding = 4; lastKnownFileType = sourcecode.swift; path = Race.swift; sourceTree = "<group>"; };
		4EB28E7B29BE5DE400E7A961 /* NSAttributedString.swift */ = {isa = PBXFileReference; lastKnownFileType = sourcecode.swift; path = NSAttributedString.swift; sourceTree = "<group>"; };
		4EB2B94129E9C9DF001B891B /* Messages.swift */ = {isa = PBXFileReference; lastKnownFileType = sourcecode.swift; path = Messages.swift; sourceTree = "<group>"; };
		4EB30C0229F5DF3200C2C646 /* Base */ = {isa = PBXFileReference; lastKnownFileType = file.xib; name = Base; path = Base.lproj/DestinationInfoView.xib; sourceTree = "<group>"; };
		4EB30C0729F5E05A00C2C646 /* en */ = {isa = PBXFileReference; lastKnownFileType = text.plist.strings; name = en; path = en.lproj/DestinationInfoView.strings; sourceTree = "<group>"; };
		4EB30C0929F5E05F00C2C646 /* zh-Hans */ = {isa = PBXFileReference; lastKnownFileType = text.plist.strings; name = "zh-Hans"; path = "zh-Hans.lproj/DestinationInfoView.strings"; sourceTree = "<group>"; };
		4EB30C0B29F5E06200C2C646 /* fr */ = {isa = PBXFileReference; lastKnownFileType = text.plist.strings; name = fr; path = fr.lproj/DestinationInfoView.strings; sourceTree = "<group>"; };
		4EB30C0D29F5E06400C2C646 /* de */ = {isa = PBXFileReference; lastKnownFileType = text.plist.strings; name = de; path = de.lproj/DestinationInfoView.strings; sourceTree = "<group>"; };
		4EB30C0F29F5E06500C2C646 /* it */ = {isa = PBXFileReference; lastKnownFileType = text.plist.strings; name = it; path = it.lproj/DestinationInfoView.strings; sourceTree = "<group>"; };
		4EB30C1129F5E06600C2C646 /* ja */ = {isa = PBXFileReference; lastKnownFileType = text.plist.strings; name = ja; path = ja.lproj/DestinationInfoView.strings; sourceTree = "<group>"; };
		4EB30C1329F5E07000C2C646 /* ru */ = {isa = PBXFileReference; lastKnownFileType = text.plist.strings; name = ru; path = ru.lproj/DestinationInfoView.strings; sourceTree = "<group>"; };
		4EB30C1529F5E07100C2C646 /* es */ = {isa = PBXFileReference; lastKnownFileType = text.plist.strings; name = es; path = es.lproj/DestinationInfoView.strings; sourceTree = "<group>"; };
		4EB30C1729F5E07200C2C646 /* uk */ = {isa = PBXFileReference; lastKnownFileType = text.plist.strings; name = uk; path = uk.lproj/DestinationInfoView.strings; sourceTree = "<group>"; };
		4EB50E3429B396F00099F5A7 /* TimeFormatter.swift */ = {isa = PBXFileReference; lastKnownFileType = sourcecode.swift; path = TimeFormatter.swift; sourceTree = "<group>"; };
		4EBA22D62ACABBCC00EE76B5 /* UserDataStorage.swift */ = {isa = PBXFileReference; lastKnownFileType = sourcecode.swift; path = UserDataStorage.swift; sourceTree = "<group>"; };
		4EC130522938DB7000CF4110 /* Map.swift */ = {isa = PBXFileReference; lastKnownFileType = sourcecode.swift; path = Map.swift; sourceTree = "<group>"; };
		4EC32F6029B0A8060074B954 /* BackgroundMap.swift */ = {isa = PBXFileReference; lastKnownFileType = sourcecode.swift; path = BackgroundMap.swift; sourceTree = "<group>"; };
		4EC32F6229B0EE780074B954 /* Route.swift */ = {isa = PBXFileReference; lastKnownFileType = sourcecode.swift; path = Route.swift; sourceTree = "<group>"; };
		4ECD49862933B3510027D763 /* PointAnnotation.swift */ = {isa = PBXFileReference; lastKnownFileType = sourcecode.swift; path = PointAnnotation.swift; sourceTree = "<group>"; };
		4ECD49882933C7190027D763 /* UIImage.swift */ = {isa = PBXFileReference; lastKnownFileType = sourcecode.swift; path = UIImage.swift; sourceTree = "<group>"; };
		4ED47B5229EFFFAA00DAE25E /* zh-Hans */ = {isa = PBXFileReference; lastKnownFileType = text.plist.strings; name = "zh-Hans"; path = "zh-Hans.lproj/Localizable.strings"; sourceTree = "<group>"; };
		4ED47B5429EFFFCB00DAE25E /* de */ = {isa = PBXFileReference; lastKnownFileType = text.plist.strings; name = de; path = de.lproj/Localizable.strings; sourceTree = "<group>"; };
		4ED47B5629EFFFD900DAE25E /* it */ = {isa = PBXFileReference; lastKnownFileType = text.plist.strings; name = it; path = it.lproj/Localizable.strings; sourceTree = "<group>"; };
		4ED47B5829EFFFFE00DAE25E /* ja */ = {isa = PBXFileReference; lastKnownFileType = text.plist.strings; name = ja; path = ja.lproj/Localizable.strings; sourceTree = "<group>"; };
		4ED47B5A29F0000B00DAE25E /* es */ = {isa = PBXFileReference; lastKnownFileType = text.plist.strings; name = es; path = es.lproj/Localizable.strings; sourceTree = "<group>"; };
		4ED47B5C29F0001400DAE25E /* uk */ = {isa = PBXFileReference; lastKnownFileType = text.plist.strings; name = uk; path = uk.lproj/Localizable.strings; sourceTree = "<group>"; };
		4EDAEC4B29BCF6A400AA8259 /* Strings.swift */ = {isa = PBXFileReference; lastKnownFileType = sourcecode.swift; path = Strings.swift; sourceTree = "<group>"; };
		4EDAEC5A29BD01BB00AA8259 /* Sequence.swift */ = {isa = PBXFileReference; lastKnownFileType = sourcecode.swift; path = Sequence.swift; sourceTree = "<group>"; };
		4EF3524A296AFCAB004ADB83 /* ErrorRouter.swift */ = {isa = PBXFileReference; lastKnownFileType = sourcecode.swift; path = ErrorRouter.swift; sourceTree = "<group>"; };
		4EF6599429FABAEB00C94AB2 /* Launch Screen.storyboard */ = {isa = PBXFileReference; lastKnownFileType = file.storyboard; path = "Launch Screen.storyboard"; sourceTree = "<group>"; };
		4EFFCD6A296264C900FD2BCC /* RouteClient.swift */ = {isa = PBXFileReference; lastKnownFileType = sourcecode.swift; path = RouteClient.swift; sourceTree = "<group>"; };
/* End PBXFileReference section */

/* Begin PBXFrameworksBuildPhase section */
		4E8DC011292B9648009A7B25 /* Frameworks */ = {
			isa = PBXFrameworksBuildPhase;
			buildActionMask = 2147483647;
			files = (
				4E4896EA292D464000E1C6AE /* Alamofire in Frameworks */,
				4E2977A52958A79F00FC7965 /* MapboxDirections in Frameworks */,
				4E1C3075292BB6FD00F5859D /* RxSwift in Frameworks */,
				4E36E8F92AC9FD0D007A8645 /* SnapKit in Frameworks */,
				4E1C3073292BB6FD00F5859D /* RxRelay in Frameworks */,
				4EB27E0B292BBA7500A9938C /* MapboxMaps in Frameworks */,
				4E1C3071292BB6FD00F5859D /* RxCocoa in Frameworks */,
			);
			runOnlyForDeploymentPostprocessing = 0;
		};
/* End PBXFrameworksBuildPhase section */

/* Begin PBXGroup section */
		4E08982C292BDA5E00451846 /* Application */ = {
			isa = PBXGroup;
			children = (
				4E8DC019292B9648009A7B25 /* SceneDelegate.swift */,
				4E8DC017292B9648009A7B25 /* AppDelegate.swift */,
			);
			path = Application;
			sourceTree = "<group>";
		};
		4E08982E292BDA9B00451846 /* Constants */ = {
			isa = PBXGroup;
			children = (
				4E3D346A295612360083BF05 /* Mapbox.swift */,
				4E3D346C2956125D0083BF05 /* Network.swift */,
				4EDAEC4B29BCF6A400AA8259 /* Strings.swift */,
				4EB2B94129E9C9DF001B891B /* Messages.swift */,
			);
			path = Constants;
			sourceTree = "<group>";
		};
		4E089831292BDC7300451846 /* SupportingFiles */ = {
			isa = PBXGroup;
			children = (
				4E04D93029FAE3E1002849E5 /* Info.plist */,
				4EF6599429FABAEB00C94AB2 /* Launch Screen.storyboard */,
			);
			path = SupportingFiles;
			sourceTree = "<group>";
		};
		4E089832292BDCF900451846 /* Resources */ = {
			isa = PBXGroup;
			children = (
				4E8DC020292B9648009A7B25 /* Assets.xcassets */,
				4E9D6B5929EF4D92004378B9 /* Localizable.strings */,
			);
			path = Resources;
			sourceTree = "<group>";
		};
		4E089833292BDD1D00451846 /* Network */ = {
			isa = PBXGroup;
			children = (
				4E1AC6F7292ECA9B00872C5C /* APIRequest.swift */,
				4E1AC6F9292ECE7400872C5C /* APIClient.swift */,
				4EFFCD6A296264C900FD2BCC /* RouteClient.swift */,
			);
			path = Network;
			sourceTree = "<group>";
		};
		4E28ED0B29D0D5D50076A7A4 /* Elements */ = {
			isa = PBXGroup;
			children = (
				4E28ED1029D0DB380076A7A4 /* ShowMyLocationButton.swift */,
			);
			path = Elements;
			sourceTree = "<group>";
		};
		4E36E8F62AC9F55F007A8645 /* Services */ = {
			isa = PBXGroup;
			children = (
				4E83C34829C4D8200007DD10 /* RouteProgress.swift */,
				4EBA22D62ACABBCC00EE76B5 /* UserDataStorage.swift */,
			);
			path = Services;
			sourceTree = "<group>";
		};
		4E57568429BB373600BA8336 /* ScheduleFormatter */ = {
			isa = PBXGroup;
			children = (
				4E57568529BB375A00BA8336 /* ScheduleFormatter.swift */,
			);
			path = ScheduleFormatter;
			sourceTree = "<group>";
		};
		4E5ED8C72978B21A0055E000 /* Mapbox */ = {
			isa = PBXGroup;
			children = (
				4E5AE96C2972BAE7006488FF /* LocationProvider.swift */,
				4E5ED8C82978BF690055E000 /* Extensions */,
			);
			path = Mapbox;
			sourceTree = "<group>";
		};
		4E5ED8C82978BF690055E000 /* Extensions */ = {
			isa = PBXGroup;
			children = (
				4EA60373295E2E9B00E1499F /* Reactive */,
				4E9018F429683C73000893DD /* PolylineAnnotation.swift */,
				4ECD49862933B3510027D763 /* PointAnnotation.swift */,
				4E644F3229C925AB000C9DFE /* RouteResponse .swift */,
			);
			path = Extensions;
			sourceTree = "<group>";
		};
		4E71142F297F41A700D7E462 /* DestinationInfoView */ = {
			isa = PBXGroup;
			children = (
				4E88E67E29A57E8900CC7245 /* DestinationInfoView.swift */,
				4EB30C0329F5DF3200C2C646 /* DestinationInfoView.xib */,
			);
			path = DestinationInfoView;
			sourceTree = "<group>";
		};
		4E78498C29310E2000AD17B8 /* ReactiveExtensions */ = {
			isa = PBXGroup;
			children = (
				4E21EB9129D326CC0007B8DB /* CombineWithLatest.swift */,
				4EC32F6029B0A8060074B954 /* BackgroundMap.swift */,
				4EA9743929F5F58E00C78A3C /* Race.swift */,
				4E51A0EF29E74C1200366453 /* AsEmpty.swift */,
			);
			path = ReactiveExtensions;
			sourceTree = "<group>";
		};
		4E8DC00B292B9648009A7B25 = {
			isa = PBXGroup;
			children = (
				4E8DC016292B9648009A7B25 /* Toilet Radar */,
				4E8DC015292B9648009A7B25 /* Products */,
			);
			sourceTree = "<group>";
		};
		4E8DC015292B9648009A7B25 /* Products */ = {
			isa = PBXGroup;
			children = (
				4E8DC014292B9648009A7B25 /* Toilet Radar.app */,
			);
			name = Products;
			sourceTree = "<group>";
		};
		4E8DC016292B9648009A7B25 /* Toilet Radar */ = {
			isa = PBXGroup;
			children = (
				4E36E8F62AC9F55F007A8645 /* Services */,
				4EB50E3229B396890099F5A7 /* Helpers */,
				4E5ED8C72978B21A0055E000 /* Mapbox */,
				4EF35249296AFC96004ADB83 /* ReactiveUtilities */,
				4ED76F112930A1F200B0F1CA /* Extensions */,
				4E8DC02D292B9695009A7B25 /* Model */,
				4E8DC02C292B968B009A7B25 /* View */,
				4E8DC02E292B969C009A7B25 /* ViewModel */,
				4E8DC02B292B967C009A7B25 /* ViewController */,
				4E089833292BDD1D00451846 /* Network */,
				4E08982E292BDA9B00451846 /* Constants */,
				4E08982C292BDA5E00451846 /* Application */,
				4E089832292BDCF900451846 /* Resources */,
				4E089831292BDC7300451846 /* SupportingFiles */,
			);
			path = "Toilet Radar";
			sourceTree = "<group>";
		};
		4E8DC02B292B967C009A7B25 /* ViewController */ = {
			isa = PBXGroup;
			children = (
				4E8DC01B292B9648009A7B25 /* MapViewController.swift */,
				4E58E7F52982E4CA005050CD /* BottomBannerViewController.swift */,
			);
			path = ViewController;
			sourceTree = "<group>";
		};
		4E8DC02C292B968B009A7B25 /* View */ = {
			isa = PBXGroup;
			children = (
				4E28ED0B29D0D5D50076A7A4 /* Elements */,
				4E71142F297F41A700D7E462 /* DestinationInfoView */,
				4E91210B29F739F7004AA71C /* MapView */,
				4E8AD4B4299F725C00941B5E /* PresentationUnderlay.swift */,
			);
			path = View;
			sourceTree = "<group>";
		};
		4E8DC02D292B9695009A7B25 /* Model */ = {
			isa = PBXGroup;
			children = (
				4E4546FA292D730A0068070A /* SanisetteData.swift */,
				4E37ECB3298BBA7700AB4D91 /* Destination.swift */,
				4EC32F6229B0EE780074B954 /* Route.swift */,
			);
			path = Model;
			sourceTree = "<group>";
		};
		4E8DC02E292B969C009A7B25 /* ViewModel */ = {
			isa = PBXGroup;
			children = (
				4E5FA03E292F836500FDEFC7 /* MapViewModel.swift */,
				4E90EDA1298AC243004D8E39 /* DestinationViewModel.swift */,
			);
			path = ViewModel;
			sourceTree = "<group>";
		};
		4E91210B29F739F7004AA71C /* MapView */ = {
			isa = PBXGroup;
			children = (
				4EC130522938DB7000CF4110 /* Map.swift */,
				4EA0D90E29D08B2B002238D9 /* MapSceneView.swift */,
			);
			path = MapView;
			sourceTree = "<group>";
		};
		4E912D0E29B6300500E719EA /* Fundamentals */ = {
			isa = PBXGroup;
			children = (
				4E0E971929B6016300B367D4 /* Double.swift */,
				4E5B749729B8E5710035627A /* String.swift */,
				4EDAEC5A29BD01BB00AA8259 /* Sequence.swift */,
				4EB28E7B29BE5DE400E7A961 /* NSAttributedString.swift */,
			);
			path = Fundamentals;
			sourceTree = "<group>";
		};
		4EA60373295E2E9B00E1499F /* Reactive */ = {
			isa = PBXGroup;
			children = (
				4E78498D29310E3500AD17B8 /* RxPointAnnotationManager.swift */,
				4E9018F6296843B3000893DD /* RxPolylineAnnotationManager.swift */,
				4E91CA3029D34A5D00C4A87C /* RxGestureManager.swift */,
			);
			path = Reactive;
			sourceTree = "<group>";
		};
		4EB50E3229B396890099F5A7 /* Helpers */ = {
			isa = PBXGroup;
			children = (
				4EB50E3329B396920099F5A7 /* Formatters */,
			);
			path = Helpers;
			sourceTree = "<group>";
		};
		4EB50E3329B396920099F5A7 /* Formatters */ = {
			isa = PBXGroup;
			children = (
				4E57568429BB373600BA8336 /* ScheduleFormatter */,
				4ED2598829B62BBD00170FE4 /* DistanceFormatter */,
				4EFD61F729B3D14B001ECCCB /* TimeFormatter */,
			);
			path = Formatters;
			sourceTree = "<group>";
		};
		4ED2598829B62BBD00170FE4 /* DistanceFormatter */ = {
			isa = PBXGroup;
			children = (
				4E7C601E29B63EF000568A49 /* DistanceFormatterOptions.swift */,
				4E912D0F29B632D100E719EA /* DistanceFormatter.swift */,
			);
			path = DistanceFormatter;
			sourceTree = "<group>";
		};
		4ED76F112930A1F200B0F1CA /* Extensions */ = {
			isa = PBXGroup;
			children = (
				4E78498C29310E2000AD17B8 /* ReactiveExtensions */,
				4EE571CE29B208F50095031A /* UIKit */,
				4E912D0E29B6300500E719EA /* Fundamentals */,
			);
			path = Extensions;
			sourceTree = "<group>";
		};
		4EE571CE29B208F50095031A /* UIKit */ = {
			isa = PBXGroup;
			children = (
				4ECD49882933C7190027D763 /* UIImage.swift */,
				4E52EF502983534F0021C9F4 /* UIView.swift */,
				4E88E68029A581AC00CC7245 /* UIViewController.swift */,
				4E5B749929B908860035627A /* UIColor.swift */,
				4EA61BA729E9597800685DE1 /* ActivityIndicator.swift */,
				4E2DA2E829F43D4000214692 /* UIAlertController.swift */,
			);
			path = UIKit;
			sourceTree = "<group>";
		};
		4EF35249296AFC96004ADB83 /* ReactiveUtilities */ = {
			isa = PBXGroup;
			children = (
				4EF3524A296AFCAB004ADB83 /* ErrorRouter.swift */,
			);
			path = ReactiveUtilities;
			sourceTree = "<group>";
		};
		4EFD61F729B3D14B001ECCCB /* TimeFormatter */ = {
			isa = PBXGroup;
			children = (
				4E430FCA29B3F0CF00AB50E2 /* TimeFormatterOptions.swift */,
				4EB50E3429B396F00099F5A7 /* TimeFormatter.swift */,
			);
			path = TimeFormatter;
			sourceTree = "<group>";
		};
/* End PBXGroup section */

/* Begin PBXNativeTarget section */
		4E8DC013292B9648009A7B25 /* Toilet Radar */ = {
			isa = PBXNativeTarget;
			buildConfigurationList = 4E8DC028292B9648009A7B25 /* Build configuration list for PBXNativeTarget "Toilet Radar" */;
			buildPhases = (
				4E8DC010292B9648009A7B25 /* Sources */,
				4E8DC011292B9648009A7B25 /* Frameworks */,
				4E8DC012292B9648009A7B25 /* Resources */,
			);
			buildRules = (
			);
			dependencies = (
			);
			name = "Toilet Radar";
			packageProductDependencies = (
				4E1C3070292BB6FD00F5859D /* RxCocoa */,
				4E1C3072292BB6FD00F5859D /* RxRelay */,
				4E1C3074292BB6FD00F5859D /* RxSwift */,
				4EB27E0A292BBA7500A9938C /* MapboxMaps */,
				4E4896E9292D464000E1C6AE /* Alamofire */,
				4E2977A42958A79F00FC7965 /* MapboxDirections */,
				4E36E8F82AC9FD0D007A8645 /* SnapKit */,
			);
			productName = Parilet;
			productReference = 4E8DC014292B9648009A7B25 /* Toilet Radar.app */;
			productType = "com.apple.product-type.application";
		};
/* End PBXNativeTarget section */

/* Begin PBXProject section */
		4E8DC00C292B9648009A7B25 /* Project object */ = {
			isa = PBXProject;
			attributes = {
				BuildIndependentTargetsInParallel = 1;
				LastSwiftUpdateCheck = 1400;
				LastUpgradeCheck = 1400;
				TargetAttributes = {
					4E8DC013292B9648009A7B25 = {
						CreatedOnToolsVersion = 14.0.1;
					};
				};
			};
			buildConfigurationList = 4E8DC00F292B9648009A7B25 /* Build configuration list for PBXProject "Toilet Radar" */;
			compatibilityVersion = "Xcode 14.0";
			developmentRegion = en;
			hasScannedForEncodings = 0;
			knownRegions = (
				en,
				Base,
				fr,
				ru,
				"zh-Hans",
				de,
				it,
				ja,
				es,
				uk,
			);
			mainGroup = 4E8DC00B292B9648009A7B25;
			packageReferences = (
				4E1C306F292BB6FD00F5859D /* XCRemoteSwiftPackageReference "RxSwift" */,
				4EB27E09292BBA7500A9938C /* XCRemoteSwiftPackageReference "mapbox-maps-ios" */,
				4E4896E8292D464000E1C6AE /* XCRemoteSwiftPackageReference "Alamofire" */,
				4E2977A32958A79F00FC7965 /* XCRemoteSwiftPackageReference "mapbox-directions-swift" */,
				4E36E8F72AC9FD0D007A8645 /* XCRemoteSwiftPackageReference "SnapKit" */,
			);
			productRefGroup = 4E8DC015292B9648009A7B25 /* Products */;
			projectDirPath = "";
			projectRoot = "";
			targets = (
				4E8DC013292B9648009A7B25 /* Toilet Radar */,
			);
		};
/* End PBXProject section */

/* Begin PBXResourcesBuildPhase section */
		4E8DC012292B9648009A7B25 /* Resources */ = {
			isa = PBXResourcesBuildPhase;
			buildActionMask = 2147483647;
			files = (
				4EB30C0129F5DF3200C2C646 /* DestinationInfoView.xib in Resources */,
				4E9D6B5729EF4D92004378B9 /* Localizable.strings in Resources */,
				4EF6599529FABAEB00C94AB2 /* Launch Screen.storyboard in Resources */,
				4E8DC021292B9648009A7B25 /* Assets.xcassets in Resources */,
			);
			runOnlyForDeploymentPostprocessing = 0;
		};
/* End PBXResourcesBuildPhase section */

/* Begin PBXSourcesBuildPhase section */
		4E8DC010292B9648009A7B25 /* Sources */ = {
			isa = PBXSourcesBuildPhase;
			buildActionMask = 2147483647;
			files = (
				4E7C601F29B63EF000568A49 /* DistanceFormatterOptions.swift in Sources */,
				4E8DC01C292B9648009A7B25 /* MapViewController.swift in Sources */,
				4E58E7F72982E4CA005050CD /* BottomBannerViewController.swift in Sources */,
				4EA61BA829E9597800685DE1 /* ActivityIndicator.swift in Sources */,
				4ECD49892933C7190027D763 /* UIImage.swift in Sources */,
				4E5AE96D2972BAE7006488FF /* LocationProvider.swift in Sources */,
				4E1AC6FA292ECE7400872C5C /* APIClient.swift in Sources */,
				4E912D1029B632D100E719EA /* DistanceFormatter.swift in Sources */,
				4EC32F6329B0EE780074B954 /* Route.swift in Sources */,
				4E3D346B295612360083BF05 /* Mapbox.swift in Sources */,
				4E78498E29310E3500AD17B8 /* RxPointAnnotationManager.swift in Sources */,
				4E2DA2E929F43D4000214692 /* UIAlertController.swift in Sources */,
				4EDAEC4C29BCF6A400AA8259 /* Strings.swift in Sources */,
				4E57568629BB375A00BA8336 /* ScheduleFormatter.swift in Sources */,
				4EBA22D72ACABBCC00EE76B5 /* UserDataStorage.swift in Sources */,
				4E4546FB292D730A0068070A /* SanisetteData.swift in Sources */,
				4E88E67F29A57E8900CC7245 /* DestinationInfoView.swift in Sources */,
				4E1AC6F8292ECA9B00872C5C /* APIRequest.swift in Sources */,
				4E83C34929C4D8200007DD10 /* RouteProgress.swift in Sources */,
				4EF3524B296AFCAB004ADB83 /* ErrorRouter.swift in Sources */,
				4E430FCB29B3F0CF00AB50E2 /* TimeFormatterOptions.swift in Sources */,
				4EB28E7C29BE5DE400E7A961 /* NSAttributedString.swift in Sources */,
				4EB2B94229E9C9DF001B891B /* Messages.swift in Sources */,
				4E52EF512983534F0021C9F4 /* UIView.swift in Sources */,
				4E644F3329C925AB000C9DFE /* RouteResponse .swift in Sources */,
				4EC32F6129B0A8060074B954 /* BackgroundMap.swift in Sources */,
				4E37ECB4298BBA7700AB4D91 /* Destination.swift in Sources */,
				4E21EB9229D326CC0007B8DB /* CombineWithLatest.swift in Sources */,
				4E8DC018292B9648009A7B25 /* AppDelegate.swift in Sources */,
				4E8AD4B5299F725C00941B5E /* PresentationUnderlay.swift in Sources */,
				4EDAEC5B29BD01BB00AA8259 /* Sequence.swift in Sources */,
				4E5B749A29B908860035627A /* UIColor.swift in Sources */,
				4E51A0F029E74C1200366453 /* AsEmpty.swift in Sources */,
				4E9018F7296843B3000893DD /* RxPolylineAnnotationManager.swift in Sources */,
				4E8DC01A292B9648009A7B25 /* SceneDelegate.swift in Sources */,
				4E28ED1129D0DB380076A7A4 /* ShowMyLocationButton.swift in Sources */,
				4E5FA03F292F836500FDEFC7 /* MapViewModel.swift in Sources */,
				4E9018F529683C73000893DD /* PolylineAnnotation.swift in Sources */,
				4EC130532938DB7000CF4110 /* Map.swift in Sources */,
				4EA0D90F29D08B2B002238D9 /* MapSceneView.swift in Sources */,
				4E88E68129A581AC00CC7245 /* UIViewController.swift in Sources */,
				4E3D346D2956125D0083BF05 /* Network.swift in Sources */,
				4E5B749829B8E5710035627A /* String.swift in Sources */,
				4EA9743A29F5F58E00C78A3C /* Race.swift in Sources */,
				4ECD49872933B3510027D763 /* PointAnnotation.swift in Sources */,
				4E90EDA2298AC243004D8E39 /* DestinationViewModel.swift in Sources */,
				4EB50E3529B396F00099F5A7 /* TimeFormatter.swift in Sources */,
				4E0E971A29B6016300B367D4 /* Double.swift in Sources */,
				4EFFCD6B296264C900FD2BCC /* RouteClient.swift in Sources */,
				4E91CA3129D34A5D00C4A87C /* RxGestureManager.swift in Sources */,
			);
			runOnlyForDeploymentPostprocessing = 0;
		};
/* End PBXSourcesBuildPhase section */

/* Begin PBXVariantGroup section */
		4E9D6B5929EF4D92004378B9 /* Localizable.strings */ = {
			isa = PBXVariantGroup;
			children = (
				4E9D6B5829EF4D92004378B9 /* en */,
				4E9D6B5A29EF4DB9004378B9 /* fr */,
				4E9D6B5B29EF4DDD004378B9 /* ru */,
				4ED47B5229EFFFAA00DAE25E /* zh-Hans */,
				4ED47B5429EFFFCB00DAE25E /* de */,
				4ED47B5629EFFFD900DAE25E /* it */,
				4ED47B5829EFFFFE00DAE25E /* ja */,
				4ED47B5A29F0000B00DAE25E /* es */,
				4ED47B5C29F0001400DAE25E /* uk */,
			);
			name = Localizable.strings;
			sourceTree = "<group>";
		};
		4EB30C0329F5DF3200C2C646 /* DestinationInfoView.xib */ = {
			isa = PBXVariantGroup;
			children = (
				4EB30C0229F5DF3200C2C646 /* Base */,
				4EB30C0729F5E05A00C2C646 /* en */,
				4EB30C0929F5E05F00C2C646 /* zh-Hans */,
				4EB30C0B29F5E06200C2C646 /* fr */,
				4EB30C0D29F5E06400C2C646 /* de */,
				4EB30C0F29F5E06500C2C646 /* it */,
				4EB30C1129F5E06600C2C646 /* ja */,
				4EB30C1329F5E07000C2C646 /* ru */,
				4EB30C1529F5E07100C2C646 /* es */,
				4EB30C1729F5E07200C2C646 /* uk */,
			);
			name = DestinationInfoView.xib;
			sourceTree = "<group>";
		};
/* End PBXVariantGroup section */

/* Begin XCBuildConfiguration section */
		4E8DC026292B9648009A7B25 /* Debug */ = {
			isa = XCBuildConfiguration;
			buildSettings = {
				ALWAYS_SEARCH_USER_PATHS = NO;
				CLANG_ANALYZER_LOCALIZABILITY_NONLOCALIZED = YES;
				CLANG_ANALYZER_NONNULL = YES;
				CLANG_ANALYZER_NUMBER_OBJECT_CONVERSION = YES_AGGRESSIVE;
				CLANG_CXX_LANGUAGE_STANDARD = "gnu++20";
				CLANG_ENABLE_MODULES = YES;
				CLANG_ENABLE_OBJC_ARC = YES;
				CLANG_ENABLE_OBJC_WEAK = YES;
				CLANG_WARN_BLOCK_CAPTURE_AUTORELEASING = YES;
				CLANG_WARN_BOOL_CONVERSION = YES;
				CLANG_WARN_COMMA = YES;
				CLANG_WARN_CONSTANT_CONVERSION = YES;
				CLANG_WARN_DEPRECATED_OBJC_IMPLEMENTATIONS = YES;
				CLANG_WARN_DIRECT_OBJC_ISA_USAGE = YES_ERROR;
				CLANG_WARN_DOCUMENTATION_COMMENTS = YES;
				CLANG_WARN_EMPTY_BODY = YES;
				CLANG_WARN_ENUM_CONVERSION = YES;
				CLANG_WARN_INFINITE_RECURSION = YES;
				CLANG_WARN_INT_CONVERSION = YES;
				CLANG_WARN_NON_LITERAL_NULL_CONVERSION = YES;
				CLANG_WARN_OBJC_IMPLICIT_RETAIN_SELF = YES;
				CLANG_WARN_OBJC_LITERAL_CONVERSION = YES;
				CLANG_WARN_OBJC_ROOT_CLASS = YES_ERROR;
				CLANG_WARN_QUOTED_INCLUDE_IN_FRAMEWORK_HEADER = YES;
				CLANG_WARN_RANGE_LOOP_ANALYSIS = YES;
				CLANG_WARN_STRICT_PROTOTYPES = YES;
				CLANG_WARN_SUSPICIOUS_MOVE = YES;
				CLANG_WARN_UNGUARDED_AVAILABILITY = YES_AGGRESSIVE;
				CLANG_WARN_UNREACHABLE_CODE = YES;
				CLANG_WARN__DUPLICATE_METHOD_MATCH = YES;
				COPY_PHASE_STRIP = NO;
				DEBUG_INFORMATION_FORMAT = dwarf;
				ENABLE_STRICT_OBJC_MSGSEND = YES;
				ENABLE_TESTABILITY = YES;
				GCC_C_LANGUAGE_STANDARD = gnu11;
				GCC_DYNAMIC_NO_PIC = NO;
				GCC_NO_COMMON_BLOCKS = YES;
				GCC_OPTIMIZATION_LEVEL = 0;
				GCC_PREPROCESSOR_DEFINITIONS = (
					"DEBUG=1",
					"$(inherited)",
				);
				GCC_WARN_64_TO_32_BIT_CONVERSION = YES;
				GCC_WARN_ABOUT_RETURN_TYPE = YES_ERROR;
				GCC_WARN_UNDECLARED_SELECTOR = YES;
				GCC_WARN_UNINITIALIZED_AUTOS = YES_AGGRESSIVE;
				GCC_WARN_UNUSED_FUNCTION = YES;
				GCC_WARN_UNUSED_VARIABLE = YES;
				IPHONEOS_DEPLOYMENT_TARGET = 13.0;
				MTL_ENABLE_DEBUG_INFO = INCLUDE_SOURCE;
				MTL_FAST_MATH = YES;
				ONLY_ACTIVE_ARCH = YES;
				SDKROOT = iphoneos;
				SWIFT_ACTIVE_COMPILATION_CONDITIONS = DEBUG;
				SWIFT_OPTIMIZATION_LEVEL = "-Onone";
			};
			name = Debug;
		};
		4E8DC027292B9648009A7B25 /* Release */ = {
			isa = XCBuildConfiguration;
			buildSettings = {
				ALWAYS_SEARCH_USER_PATHS = NO;
				CLANG_ANALYZER_LOCALIZABILITY_NONLOCALIZED = YES;
				CLANG_ANALYZER_NONNULL = YES;
				CLANG_ANALYZER_NUMBER_OBJECT_CONVERSION = YES_AGGRESSIVE;
				CLANG_CXX_LANGUAGE_STANDARD = "gnu++20";
				CLANG_ENABLE_MODULES = YES;
				CLANG_ENABLE_OBJC_ARC = YES;
				CLANG_ENABLE_OBJC_WEAK = YES;
				CLANG_WARN_BLOCK_CAPTURE_AUTORELEASING = YES;
				CLANG_WARN_BOOL_CONVERSION = YES;
				CLANG_WARN_COMMA = YES;
				CLANG_WARN_CONSTANT_CONVERSION = YES;
				CLANG_WARN_DEPRECATED_OBJC_IMPLEMENTATIONS = YES;
				CLANG_WARN_DIRECT_OBJC_ISA_USAGE = YES_ERROR;
				CLANG_WARN_DOCUMENTATION_COMMENTS = YES;
				CLANG_WARN_EMPTY_BODY = YES;
				CLANG_WARN_ENUM_CONVERSION = YES;
				CLANG_WARN_INFINITE_RECURSION = YES;
				CLANG_WARN_INT_CONVERSION = YES;
				CLANG_WARN_NON_LITERAL_NULL_CONVERSION = YES;
				CLANG_WARN_OBJC_IMPLICIT_RETAIN_SELF = YES;
				CLANG_WARN_OBJC_LITERAL_CONVERSION = YES;
				CLANG_WARN_OBJC_ROOT_CLASS = YES_ERROR;
				CLANG_WARN_QUOTED_INCLUDE_IN_FRAMEWORK_HEADER = YES;
				CLANG_WARN_RANGE_LOOP_ANALYSIS = YES;
				CLANG_WARN_STRICT_PROTOTYPES = YES;
				CLANG_WARN_SUSPICIOUS_MOVE = YES;
				CLANG_WARN_UNGUARDED_AVAILABILITY = YES_AGGRESSIVE;
				CLANG_WARN_UNREACHABLE_CODE = YES;
				CLANG_WARN__DUPLICATE_METHOD_MATCH = YES;
				COPY_PHASE_STRIP = NO;
				DEBUG_INFORMATION_FORMAT = "dwarf-with-dsym";
				ENABLE_NS_ASSERTIONS = NO;
				ENABLE_STRICT_OBJC_MSGSEND = YES;
				GCC_C_LANGUAGE_STANDARD = gnu11;
				GCC_NO_COMMON_BLOCKS = YES;
				GCC_WARN_64_TO_32_BIT_CONVERSION = YES;
				GCC_WARN_ABOUT_RETURN_TYPE = YES_ERROR;
				GCC_WARN_UNDECLARED_SELECTOR = YES;
				GCC_WARN_UNINITIALIZED_AUTOS = YES_AGGRESSIVE;
				GCC_WARN_UNUSED_FUNCTION = YES;
				GCC_WARN_UNUSED_VARIABLE = YES;
				IPHONEOS_DEPLOYMENT_TARGET = 13.0;
				MTL_ENABLE_DEBUG_INFO = NO;
				MTL_FAST_MATH = YES;
				SDKROOT = iphoneos;
				SWIFT_COMPILATION_MODE = wholemodule;
				SWIFT_OPTIMIZATION_LEVEL = "-O";
				VALIDATE_PRODUCT = YES;
			};
			name = Release;
		};
		4E8DC029292B9648009A7B25 /* Debug */ = {
			isa = XCBuildConfiguration;
			buildSettings = {
				ASSETCATALOG_COMPILER_APPICON_NAME = AppIcon;
				ASSETCATALOG_COMPILER_GLOBAL_ACCENT_COLOR_NAME = AccentColor;
				ASSETCATALOG_COMPILER_INCLUDE_ALL_APPICON_ASSETS = NO;
				CODE_SIGN_IDENTITY = "Apple Development";
				CODE_SIGN_STYLE = Automatic;
				CURRENT_PROJECT_VERSION = 1;
				DEVELOPMENT_TEAM = 5ZYV4X786K;
				GENERATE_INFOPLIST_FILE = YES;
				INFOPLIST_FILE = "Toilet Radar/SupportingFiles/Info.plist";
				INFOPLIST_KEY_CFBundleDisplayName = "Toilet Radar";
				INFOPLIST_KEY_LSApplicationCategoryType = "public.app-category.lifestyle";
				INFOPLIST_KEY_NSLocationAlwaysAndWhenInUseUsageDescription = "Enable location?";
				INFOPLIST_KEY_NSLocationWhenInUseUsageDescription = "";
				INFOPLIST_KEY_UIApplicationSupportsIndirectInputEvents = YES;
				INFOPLIST_KEY_UILaunchStoryboardName = "Launch Screen.storyboard";
				INFOPLIST_KEY_UIRequiresFullScreen = YES;
				INFOPLIST_KEY_UIStatusBarStyle = "";
				INFOPLIST_KEY_UISupportedInterfaceOrientations = UIInterfaceOrientationPortrait;
				IPHONEOS_DEPLOYMENT_TARGET = 15.0;
				LD_RUNPATH_SEARCH_PATHS = (
					"$(inherited)",
					"@executable_path/Frameworks",
				);
				MARKETING_VERSION = 1.0;
				PRODUCT_BUNDLE_IDENTIFIER = "-.ToiletRadar";
				PRODUCT_NAME = "$(TARGET_NAME)";
				PROVISIONING_PROFILE_SPECIFIER = "";
				SUPPORTED_PLATFORMS = "iphoneos iphonesimulator";
				SUPPORTS_MACCATALYST = NO;
				SUPPORTS_MAC_DESIGNED_FOR_IPHONE_IPAD = NO;
				SWIFT_EMIT_LOC_STRINGS = YES;
				SWIFT_VERSION = 5.0;
				TARGETED_DEVICE_FAMILY = 1;
			};
			name = Debug;
		};
		4E8DC02A292B9648009A7B25 /* Release */ = {
			isa = XCBuildConfiguration;
			buildSettings = {
				ASSETCATALOG_COMPILER_APPICON_NAME = AppIcon;
				ASSETCATALOG_COMPILER_GLOBAL_ACCENT_COLOR_NAME = AccentColor;
				ASSETCATALOG_COMPILER_INCLUDE_ALL_APPICON_ASSETS = NO;
				CODE_SIGN_IDENTITY = "Apple Development";
				CODE_SIGN_STYLE = Automatic;
				CURRENT_PROJECT_VERSION = 1;
				DEVELOPMENT_TEAM = 5ZYV4X786K;
				GENERATE_INFOPLIST_FILE = YES;
				INFOPLIST_FILE = "Toilet Radar/SupportingFiles/Info.plist";
				INFOPLIST_KEY_CFBundleDisplayName = "Toilet Radar";
				INFOPLIST_KEY_LSApplicationCategoryType = "public.app-category.lifestyle";
				INFOPLIST_KEY_NSLocationAlwaysAndWhenInUseUsageDescription = "Enable location?";
				INFOPLIST_KEY_NSLocationWhenInUseUsageDescription = "";
				INFOPLIST_KEY_UIApplicationSupportsIndirectInputEvents = YES;
				INFOPLIST_KEY_UILaunchStoryboardName = "Launch Screen.storyboard";
				INFOPLIST_KEY_UIRequiresFullScreen = YES;
				INFOPLIST_KEY_UIStatusBarStyle = "";
				INFOPLIST_KEY_UISupportedInterfaceOrientations = UIInterfaceOrientationPortrait;
				IPHONEOS_DEPLOYMENT_TARGET = 15.0;
				LD_RUNPATH_SEARCH_PATHS = (
					"$(inherited)",
					"@executable_path/Frameworks",
				);
				MARKETING_VERSION = 1.0;
				PRODUCT_BUNDLE_IDENTIFIER = "-.ToiletRadar";
				PRODUCT_NAME = "$(TARGET_NAME)";
				PROVISIONING_PROFILE_SPECIFIER = "";
				SUPPORTED_PLATFORMS = "iphoneos iphonesimulator";
				SUPPORTS_MACCATALYST = NO;
				SUPPORTS_MAC_DESIGNED_FOR_IPHONE_IPAD = NO;
				SWIFT_EMIT_LOC_STRINGS = YES;
				SWIFT_VERSION = 5.0;
				TARGETED_DEVICE_FAMILY = 1;
			};
			name = Release;
		};
/* End XCBuildConfiguration section */

/* Begin XCConfigurationList section */
		4E8DC00F292B9648009A7B25 /* Build configuration list for PBXProject "Toilet Radar" */ = {
			isa = XCConfigurationList;
			buildConfigurations = (
				4E8DC026292B9648009A7B25 /* Debug */,
				4E8DC027292B9648009A7B25 /* Release */,
			);
			defaultConfigurationIsVisible = 0;
			defaultConfigurationName = Release;
		};
		4E8DC028292B9648009A7B25 /* Build configuration list for PBXNativeTarget "Toilet Radar" */ = {
			isa = XCConfigurationList;
			buildConfigurations = (
				4E8DC029292B9648009A7B25 /* Debug */,
				4E8DC02A292B9648009A7B25 /* Release */,
			);
			defaultConfigurationIsVisible = 0;
			defaultConfigurationName = Release;
		};
/* End XCConfigurationList section */

/* Begin XCRemoteSwiftPackageReference section */
		4E1C306F292BB6FD00F5859D /* XCRemoteSwiftPackageReference "RxSwift" */ = {
			isa = XCRemoteSwiftPackageReference;
			repositoryURL = "https://github.com/ReactiveX/RxSwift.git";
			requirement = {
				branch = main;
				kind = branch;
			};
		};
		4E2977A32958A79F00FC7965 /* XCRemoteSwiftPackageReference "mapbox-directions-swift" */ = {
			isa = XCRemoteSwiftPackageReference;
			repositoryURL = "https://github.com/mapbox/mapbox-directions-swift.git";
			requirement = {
				branch = main;
				kind = branch;
			};
		};
		4E36E8F72AC9FD0D007A8645 /* XCRemoteSwiftPackageReference "SnapKit" */ = {
			isa = XCRemoteSwiftPackageReference;
			repositoryURL = "https://github.com/SnapKit/SnapKit";
			requirement = {
				kind = upToNextMajorVersion;
				minimumVersion = 5.0.0;
			};
		};
		4E4896E8292D464000E1C6AE /* XCRemoteSwiftPackageReference "Alamofire" */ = {
			isa = XCRemoteSwiftPackageReference;
			repositoryURL = "https://github.com/Alamofire/Alamofire.git";
			requirement = {
				branch = master;
				kind = branch;
			};
		};
		4EB27E09292BBA7500A9938C /* XCRemoteSwiftPackageReference "mapbox-maps-ios" */ = {
			isa = XCRemoteSwiftPackageReference;
			repositoryURL = "https://github.com/mapbox/mapbox-maps-ios.git";
			requirement = {
				branch = main;
				kind = branch;
			};
		};
/* End XCRemoteSwiftPackageReference section */

/* Begin XCSwiftPackageProductDependency section */
		4E1C3070292BB6FD00F5859D /* RxCocoa */ = {
			isa = XCSwiftPackageProductDependency;
			package = 4E1C306F292BB6FD00F5859D /* XCRemoteSwiftPackageReference "RxSwift" */;
			productName = RxCocoa;
		};
		4E1C3072292BB6FD00F5859D /* RxRelay */ = {
			isa = XCSwiftPackageProductDependency;
			package = 4E1C306F292BB6FD00F5859D /* XCRemoteSwiftPackageReference "RxSwift" */;
			productName = RxRelay;
		};
		4E1C3074292BB6FD00F5859D /* RxSwift */ = {
			isa = XCSwiftPackageProductDependency;
			package = 4E1C306F292BB6FD00F5859D /* XCRemoteSwiftPackageReference "RxSwift" */;
			productName = RxSwift;
		};
		4E2977A42958A79F00FC7965 /* MapboxDirections */ = {
			isa = XCSwiftPackageProductDependency;
			package = 4E2977A32958A79F00FC7965 /* XCRemoteSwiftPackageReference "mapbox-directions-swift" */;
			productName = MapboxDirections;
		};
		4E36E8F82AC9FD0D007A8645 /* SnapKit */ = {
			isa = XCSwiftPackageProductDependency;
			package = 4E36E8F72AC9FD0D007A8645 /* XCRemoteSwiftPackageReference "SnapKit" */;
			productName = SnapKit;
		};
		4E4896E9292D464000E1C6AE /* Alamofire */ = {
			isa = XCSwiftPackageProductDependency;
			package = 4E4896E8292D464000E1C6AE /* XCRemoteSwiftPackageReference "Alamofire" */;
			productName = Alamofire;
		};
		4EB27E0A292BBA7500A9938C /* MapboxMaps */ = {
			isa = XCSwiftPackageProductDependency;
			package = 4EB27E09292BBA7500A9938C /* XCRemoteSwiftPackageReference "mapbox-maps-ios" */;
			productName = MapboxMaps;
		};
/* End XCSwiftPackageProductDependency section */
	};
	rootObject = 4E8DC00C292B9648009A7B25 /* Project object */;
}
