// !$*UTF8*$!
{
	archiveVersion = 1;
	classes = {
	};
	objectVersion = 56;
	objects = {

/* Begin PBXBuildFile section */
		4E1AC6F8292ECA9B00872C5C /* APIRequest.swift in Sources */ = {isa = PBXBuildFile; fileRef = 4E1AC6F7292ECA9B00872C5C /* APIRequest.swift */; };
		4E1AC6FA292ECE7400872C5C /* APIClient.swift in Sources */ = {isa = PBXBuildFile; fileRef = 4E1AC6F9292ECE7400872C5C /* APIClient.swift */; };
		4E1C3071292BB6FD00F5859D /* RxCocoa in Frameworks */ = {isa = PBXBuildFile; productRef = 4E1C3070292BB6FD00F5859D /* RxCocoa */; };
		4E1C3073292BB6FD00F5859D /* RxRelay in Frameworks */ = {isa = PBXBuildFile; productRef = 4E1C3072292BB6FD00F5859D /* RxRelay */; };
		4E1C3075292BB6FD00F5859D /* RxSwift in Frameworks */ = {isa = PBXBuildFile; productRef = 4E1C3074292BB6FD00F5859D /* RxSwift */; };
		4E2977A52958A79F00FC7965 /* MapboxDirections in Frameworks */ = {isa = PBXBuildFile; productRef = 4E2977A42958A79F00FC7965 /* MapboxDirections */; };
		4E3D346B295612360083BF05 /* Mapbox.swift in Sources */ = {isa = PBXBuildFile; fileRef = 4E3D346A295612360083BF05 /* Mapbox.swift */; };
		4E3D346D2956125D0083BF05 /* Network.swift in Sources */ = {isa = PBXBuildFile; fileRef = 4E3D346C2956125D0083BF05 /* Network.swift */; };
		4E4546FB292D730A0068070A /* SanisetteData.swift in Sources */ = {isa = PBXBuildFile; fileRef = 4E4546FA292D730A0068070A /* SanisetteData.swift */; };
		4E4896EA292D464000E1C6AE /* Alamofire in Frameworks */ = {isa = PBXBuildFile; productRef = 4E4896E9292D464000E1C6AE /* Alamofire */; };
		4E5FA03F292F836500FDEFC7 /* MapViewModel.swift in Sources */ = {isa = PBXBuildFile; fileRef = 4E5FA03E292F836500FDEFC7 /* MapViewModel.swift */; };
		4E78498E29310E3500AD17B8 /* RxPointAnnotationManager.swift in Sources */ = {isa = PBXBuildFile; fileRef = 4E78498D29310E3500AD17B8 /* RxPointAnnotationManager.swift */; };
		4E8DC018292B9648009A7B25 /* AppDelegate.swift in Sources */ = {isa = PBXBuildFile; fileRef = 4E8DC017292B9648009A7B25 /* AppDelegate.swift */; };
		4E8DC01A292B9648009A7B25 /* SceneDelegate.swift in Sources */ = {isa = PBXBuildFile; fileRef = 4E8DC019292B9648009A7B25 /* SceneDelegate.swift */; };
		4E8DC01C292B9648009A7B25 /* MapViewController.swift in Sources */ = {isa = PBXBuildFile; fileRef = 4E8DC01B292B9648009A7B25 /* MapViewController.swift */; };
		4E8DC021292B9648009A7B25 /* Assets.xcassets in Resources */ = {isa = PBXBuildFile; fileRef = 4E8DC020292B9648009A7B25 /* Assets.xcassets */; };
		4E8DC024292B9648009A7B25 /* LaunchScreen.storyboard in Resources */ = {isa = PBXBuildFile; fileRef = 4E8DC022292B9648009A7B25 /* LaunchScreen.storyboard */; };
		4E9018F529683C73000893DD /* PolylineAnnotation.swift in Sources */ = {isa = PBXBuildFile; fileRef = 4E9018F429683C73000893DD /* PolylineAnnotation.swift */; };
		4E9018F7296843B3000893DD /* RxPolylineAnnotationManager.swift in Sources */ = {isa = PBXBuildFile; fileRef = 4E9018F6296843B3000893DD /* RxPolylineAnnotationManager.swift */; };
		4EA60376295E2ECF00E1499F /* RxLocationProvider.swift in Sources */ = {isa = PBXBuildFile; fileRef = 4EA60375295E2ECF00E1499F /* RxLocationProvider.swift */; };
		4EB27E0B292BBA7500A9938C /* MapboxMaps in Frameworks */ = {isa = PBXBuildFile; productRef = 4EB27E0A292BBA7500A9938C /* MapboxMaps */; };
		4EC130532938DB7000CF4110 /* Map.swift in Sources */ = {isa = PBXBuildFile; fileRef = 4EC130522938DB7000CF4110 /* Map.swift */; };
		4ECD49872933B3510027D763 /* PointAnnotation.swift in Sources */ = {isa = PBXBuildFile; fileRef = 4ECD49862933B3510027D763 /* PointAnnotation.swift */; };
		4ECD49892933C7190027D763 /* UIImage.swift in Sources */ = {isa = PBXBuildFile; fileRef = 4ECD49882933C7190027D763 /* UIImage.swift */; };
		4EFFCD6B296264C900FD2BCC /* RouteClient.swift in Sources */ = {isa = PBXBuildFile; fileRef = 4EFFCD6A296264C900FD2BCC /* RouteClient.swift */; };
/* End PBXBuildFile section */

/* Begin PBXFileReference section */
		4E1AC6F7292ECA9B00872C5C /* APIRequest.swift */ = {isa = PBXFileReference; lastKnownFileType = sourcecode.swift; path = APIRequest.swift; sourceTree = "<group>"; };
		4E1AC6F9292ECE7400872C5C /* APIClient.swift */ = {isa = PBXFileReference; lastKnownFileType = sourcecode.swift; path = APIClient.swift; sourceTree = "<group>"; };
		4E3D346A295612360083BF05 /* Mapbox.swift */ = {isa = PBXFileReference; lastKnownFileType = sourcecode.swift; path = Mapbox.swift; sourceTree = "<group>"; };
		4E3D346C2956125D0083BF05 /* Network.swift */ = {isa = PBXFileReference; lastKnownFileType = sourcecode.swift; path = Network.swift; sourceTree = "<group>"; };
		4E4546FA292D730A0068070A /* SanisetteData.swift */ = {isa = PBXFileReference; lastKnownFileType = sourcecode.swift; path = SanisetteData.swift; sourceTree = "<group>"; };
		4E5FA03E292F836500FDEFC7 /* MapViewModel.swift */ = {isa = PBXFileReference; lastKnownFileType = sourcecode.swift; path = MapViewModel.swift; sourceTree = "<group>"; };
		4E78498D29310E3500AD17B8 /* RxPointAnnotationManager.swift */ = {isa = PBXFileReference; lastKnownFileType = sourcecode.swift; path = RxPointAnnotationManager.swift; sourceTree = "<group>"; };
		4E8DC014292B9648009A7B25 /* Parilet.app */ = {isa = PBXFileReference; explicitFileType = wrapper.application; includeInIndex = 0; path = Parilet.app; sourceTree = BUILT_PRODUCTS_DIR; };
		4E8DC017292B9648009A7B25 /* AppDelegate.swift */ = {isa = PBXFileReference; lastKnownFileType = sourcecode.swift; path = AppDelegate.swift; sourceTree = "<group>"; };
		4E8DC019292B9648009A7B25 /* SceneDelegate.swift */ = {isa = PBXFileReference; lastKnownFileType = sourcecode.swift; path = SceneDelegate.swift; sourceTree = "<group>"; };
		4E8DC01B292B9648009A7B25 /* MapViewController.swift */ = {isa = PBXFileReference; lastKnownFileType = sourcecode.swift; path = MapViewController.swift; sourceTree = "<group>"; };
		4E8DC020292B9648009A7B25 /* Assets.xcassets */ = {isa = PBXFileReference; lastKnownFileType = folder.assetcatalog; path = Assets.xcassets; sourceTree = "<group>"; };
		4E8DC023292B9648009A7B25 /* Base */ = {isa = PBXFileReference; lastKnownFileType = file.storyboard; name = Base; path = Base.lproj/LaunchScreen.storyboard; sourceTree = "<group>"; };
		4E8DC025292B9648009A7B25 /* Info.plist */ = {isa = PBXFileReference; lastKnownFileType = text.plist; name = Info.plist; path = Parilet/SupportingFiles/Info.plist; sourceTree = SOURCE_ROOT; };
		4E9018F429683C73000893DD /* PolylineAnnotation.swift */ = {isa = PBXFileReference; lastKnownFileType = sourcecode.swift; path = PolylineAnnotation.swift; sourceTree = "<group>"; };
		4E9018F6296843B3000893DD /* RxPolylineAnnotationManager.swift */ = {isa = PBXFileReference; lastKnownFileType = sourcecode.swift; path = RxPolylineAnnotationManager.swift; sourceTree = "<group>"; };
		4EA60375295E2ECF00E1499F /* RxLocationProvider.swift */ = {isa = PBXFileReference; lastKnownFileType = sourcecode.swift; path = RxLocationProvider.swift; sourceTree = "<group>"; };
		4EC130522938DB7000CF4110 /* Map.swift */ = {isa = PBXFileReference; lastKnownFileType = sourcecode.swift; path = Map.swift; sourceTree = "<group>"; };
		4ECD49862933B3510027D763 /* PointAnnotation.swift */ = {isa = PBXFileReference; lastKnownFileType = sourcecode.swift; path = PointAnnotation.swift; sourceTree = "<group>"; };
		4ECD49882933C7190027D763 /* UIImage.swift */ = {isa = PBXFileReference; lastKnownFileType = sourcecode.swift; path = UIImage.swift; sourceTree = "<group>"; };
		4EFFCD6A296264C900FD2BCC /* RouteClient.swift */ = {isa = PBXFileReference; lastKnownFileType = sourcecode.swift; path = RouteClient.swift; sourceTree = "<group>"; };
/* End PBXFileReference section */

/* Begin PBXFrameworksBuildPhase section */
		4E8DC011292B9648009A7B25 /* Frameworks */ = {
			isa = PBXFrameworksBuildPhase;
			buildActionMask = 2147483647;
			files = (
				4E4896EA292D464000E1C6AE /* Alamofire in Frameworks */,
				4E2977A52958A79F00FC7965 /* MapboxDirections in Frameworks */,
				4E1C3075292BB6FD00F5859D /* RxSwift in Frameworks */,
				4E1C3073292BB6FD00F5859D /* RxRelay in Frameworks */,
				4EB27E0B292BBA7500A9938C /* MapboxMaps in Frameworks */,
				4E1C3071292BB6FD00F5859D /* RxCocoa in Frameworks */,
			);
			runOnlyForDeploymentPostprocessing = 0;
		};
/* End PBXFrameworksBuildPhase section */

/* Begin PBXGroup section */
		4E08982C292BDA5E00451846 /* Application */ = {
			isa = PBXGroup;
			children = (
				4E8DC019292B9648009A7B25 /* SceneDelegate.swift */,
				4E8DC017292B9648009A7B25 /* AppDelegate.swift */,
			);
			path = Application;
			sourceTree = "<group>";
		};
		4E08982E292BDA9B00451846 /* Constants */ = {
			isa = PBXGroup;
			children = (
				4E3D346A295612360083BF05 /* Mapbox.swift */,
				4E3D346C2956125D0083BF05 /* Network.swift */,
			);
			path = Constants;
			sourceTree = "<group>";
		};
		4E089831292BDC7300451846 /* SupportingFiles */ = {
			isa = PBXGroup;
			children = (
				4E8DC022292B9648009A7B25 /* LaunchScreen.storyboard */,
				4E8DC025292B9648009A7B25 /* Info.plist */,
			);
			path = SupportingFiles;
			sourceTree = "<group>";
		};
		4E089832292BDCF900451846 /* Resources */ = {
			isa = PBXGroup;
			children = (
				4E8DC020292B9648009A7B25 /* Assets.xcassets */,
			);
			path = Resources;
			sourceTree = "<group>";
		};
		4E089833292BDD1D00451846 /* Network */ = {
			isa = PBXGroup;
			children = (
				4E1AC6F7292ECA9B00872C5C /* APIRequest.swift */,
				4E1AC6F9292ECE7400872C5C /* APIClient.swift */,
				4EFFCD6A296264C900FD2BCC /* RouteClient.swift */,
			);
			path = Network;
			sourceTree = "<group>";
		};
		4E78498C29310E2000AD17B8 /* Reactive */ = {
			isa = PBXGroup;
			children = (
				4EA60374295E2EBA00E1499F /* Location */,
				4EA60373295E2E9B00E1499F /* Annotations */,
			);
			path = Reactive;
			sourceTree = "<group>";
		};
		4E8DC00B292B9648009A7B25 = {
			isa = PBXGroup;
			children = (
				4E8DC016292B9648009A7B25 /* Parilet */,
				4E8DC015292B9648009A7B25 /* Products */,
			);
			sourceTree = "<group>";
		};
		4E8DC015292B9648009A7B25 /* Products */ = {
			isa = PBXGroup;
			children = (
				4E8DC014292B9648009A7B25 /* Parilet.app */,
			);
			name = Products;
			sourceTree = "<group>";
		};
		4E8DC016292B9648009A7B25 /* Parilet */ = {
			isa = PBXGroup;
			children = (
				4E78498C29310E2000AD17B8 /* Reactive */,
				4ED76F112930A1F200B0F1CA /* Extensions */,
				4E8DC02D292B9695009A7B25 /* Model */,
				4E8DC02C292B968B009A7B25 /* View */,
				4E8DC02E292B969C009A7B25 /* ViewModel */,
				4E8DC02B292B967C009A7B25 /* ViewController */,
				4E089833292BDD1D00451846 /* Network */,
				4E08982E292BDA9B00451846 /* Constants */,
				4E08982C292BDA5E00451846 /* Application */,
				4E089832292BDCF900451846 /* Resources */,
				4E089831292BDC7300451846 /* SupportingFiles */,
			);
			path = Parilet;
			sourceTree = "<group>";
		};
		4E8DC02B292B967C009A7B25 /* ViewController */ = {
			isa = PBXGroup;
			children = (
				4E8DC01B292B9648009A7B25 /* MapViewController.swift */,
			);
			path = ViewController;
			sourceTree = "<group>";
		};
		4E8DC02C292B968B009A7B25 /* View */ = {
			isa = PBXGroup;
			children = (
				4EC130522938DB7000CF4110 /* Map.swift */,
			);
			path = View;
			sourceTree = "<group>";
		};
		4E8DC02D292B9695009A7B25 /* Model */ = {
			isa = PBXGroup;
			children = (
				4E4546FA292D730A0068070A /* SanisetteData.swift */,
			);
			path = Model;
			sourceTree = "<group>";
		};
		4E8DC02E292B969C009A7B25 /* ViewModel */ = {
			isa = PBXGroup;
			children = (
				4E5FA03E292F836500FDEFC7 /* MapViewModel.swift */,
			);
			path = ViewModel;
			sourceTree = "<group>";
		};
		4EA60373295E2E9B00E1499F /* Annotations */ = {
			isa = PBXGroup;
			children = (
				4E78498D29310E3500AD17B8 /* RxPointAnnotationManager.swift */,
				4E9018F6296843B3000893DD /* RxPolylineAnnotationManager.swift */,
			);
			path = Annotations;
			sourceTree = "<group>";
		};
		4EA60374295E2EBA00E1499F /* Location */ = {
			isa = PBXGroup;
			children = (
				4EA60375295E2ECF00E1499F /* RxLocationProvider.swift */,
			);
			path = Location;
			sourceTree = "<group>";
		};
		4ED76F112930A1F200B0F1CA /* Extensions */ = {
			isa = PBXGroup;
			children = (
				4E9018F429683C73000893DD /* PolylineAnnotation.swift */,
				4ECD49862933B3510027D763 /* PointAnnotation.swift */,
				4ECD49882933C7190027D763 /* UIImage.swift */,
			);
			path = Extensions;
			sourceTree = "<group>";
		};
/* End PBXGroup section */

/* Begin PBXNativeTarget section */
		4E8DC013292B9648009A7B25 /* Parilet */ = {
			isa = PBXNativeTarget;
			buildConfigurationList = 4E8DC028292B9648009A7B25 /* Build configuration list for PBXNativeTarget "Parilet" */;
			buildPhases = (
				4E8DC010292B9648009A7B25 /* Sources */,
				4E8DC011292B9648009A7B25 /* Frameworks */,
				4E8DC012292B9648009A7B25 /* Resources */,
			);
			buildRules = (
			);
			dependencies = (
			);
			name = Parilet;
			packageProductDependencies = (
				4E1C3070292BB6FD00F5859D /* RxCocoa */,
				4E1C3072292BB6FD00F5859D /* RxRelay */,
				4E1C3074292BB6FD00F5859D /* RxSwift */,
				4EB27E0A292BBA7500A9938C /* MapboxMaps */,
				4E4896E9292D464000E1C6AE /* Alamofire */,
				4E2977A42958A79F00FC7965 /* MapboxDirections */,
			);
			productName = Parilet;
			productReference = 4E8DC014292B9648009A7B25 /* Parilet.app */;
			productType = "com.apple.product-type.application";
		};
/* End PBXNativeTarget section */

/* Begin PBXProject section */
		4E8DC00C292B9648009A7B25 /* Project object */ = {
			isa = PBXProject;
			attributes = {
				BuildIndependentTargetsInParallel = 1;
				LastSwiftUpdateCheck = 1400;
				LastUpgradeCheck = 1400;
				TargetAttributes = {
					4E8DC013292B9648009A7B25 = {
						CreatedOnToolsVersion = 14.0.1;
					};
				};
			};
			buildConfigurationList = 4E8DC00F292B9648009A7B25 /* Build configuration list for PBXProject "Parilet" */;
			compatibilityVersion = "Xcode 14.0";
			developmentRegion = en;
			hasScannedForEncodings = 0;
			knownRegions = (
				en,
				Base,
			);
			mainGroup = 4E8DC00B292B9648009A7B25;
			packageReferences = (
				4E1C306F292BB6FD00F5859D /* XCRemoteSwiftPackageReference "RxSwift" */,
				4EB27E09292BBA7500A9938C /* XCRemoteSwiftPackageReference "mapbox-maps-ios" */,
				4E4896E8292D464000E1C6AE /* XCRemoteSwiftPackageReference "Alamofire" */,
				4E2977A32958A79F00FC7965 /* XCRemoteSwiftPackageReference "mapbox-directions-swift" */,
			);
			productRefGroup = 4E8DC015292B9648009A7B25 /* Products */;
			projectDirPath = "";
			projectRoot = "";
			targets = (
				4E8DC013292B9648009A7B25 /* Parilet */,
			);
		};
/* End PBXProject section */

/* Begin PBXResourcesBuildPhase section */
		4E8DC012292B9648009A7B25 /* Resources */ = {
			isa = PBXResourcesBuildPhase;
			buildActionMask = 2147483647;
			files = (
				4E8DC024292B9648009A7B25 /* LaunchScreen.storyboard in Resources */,
				4E8DC021292B9648009A7B25 /* Assets.xcassets in Resources */,
			);
			runOnlyForDeploymentPostprocessing = 0;
		};
/* End PBXResourcesBuildPhase section */

/* Begin PBXSourcesBuildPhase section */
		4E8DC010292B9648009A7B25 /* Sources */ = {
			isa = PBXSourcesBuildPhase;
			buildActionMask = 2147483647;
			files = (
				4E8DC01C292B9648009A7B25 /* MapViewController.swift in Sources */,
				4ECD49892933C7190027D763 /* UIImage.swift in Sources */,
				4E1AC6FA292ECE7400872C5C /* APIClient.swift in Sources */,
				4E3D346B295612360083BF05 /* Mapbox.swift in Sources */,
				4E78498E29310E3500AD17B8 /* RxPointAnnotationManager.swift in Sources */,
				4E4546FB292D730A0068070A /* SanisetteData.swift in Sources */,
				4E1AC6F8292ECA9B00872C5C /* APIRequest.swift in Sources */,
				4E8DC018292B9648009A7B25 /* AppDelegate.swift in Sources */,
				4E9018F7296843B3000893DD /* RxPolylineAnnotationManager.swift in Sources */,
				4E8DC01A292B9648009A7B25 /* SceneDelegate.swift in Sources */,
				4E5FA03F292F836500FDEFC7 /* MapViewModel.swift in Sources */,
				4E9018F529683C73000893DD /* PolylineAnnotation.swift in Sources */,
				4EC130532938DB7000CF4110 /* Map.swift in Sources */,
				4E3D346D2956125D0083BF05 /* Network.swift in Sources */,
				4ECD49872933B3510027D763 /* PointAnnotation.swift in Sources */,
				4EA60376295E2ECF00E1499F /* RxLocationProvider.swift in Sources */,
				4EFFCD6B296264C900FD2BCC /* RouteClient.swift in Sources */,
			);
			runOnlyForDeploymentPostprocessing = 0;
		};
/* End PBXSourcesBuildPhase section */

/* Begin PBXVariantGroup section */
		4E8DC022292B9648009A7B25 /* LaunchScreen.storyboard */ = {
			isa = PBXVariantGroup;
			children = (
				4E8DC023292B9648009A7B25 /* Base */,
			);
			name = LaunchScreen.storyboard;
			sourceTree = "<group>";
		};
/* End PBXVariantGroup section */

/* Begin XCBuildConfiguration section */
		4E8DC026292B9648009A7B25 /* Debug */ = {
			isa = XCBuildConfiguration;
			buildSettings = {
				ALWAYS_SEARCH_USER_PATHS = NO;
				CLANG_ANALYZER_NONNULL = YES;
				CLANG_ANALYZER_NUMBER_OBJECT_CONVERSION = YES_AGGRESSIVE;
				CLANG_CXX_LANGUAGE_STANDARD = "gnu++20";
				CLANG_ENABLE_MODULES = YES;
				CLANG_ENABLE_OBJC_ARC = YES;
				CLANG_ENABLE_OBJC_WEAK = YES;
				CLANG_WARN_BLOCK_CAPTURE_AUTORELEASING = YES;
				CLANG_WARN_BOOL_CONVERSION = YES;
				CLANG_WARN_COMMA = YES;
				CLANG_WARN_CONSTANT_CONVERSION = YES;
				CLANG_WARN_DEPRECATED_OBJC_IMPLEMENTATIONS = YES;
				CLANG_WARN_DIRECT_OBJC_ISA_USAGE = YES_ERROR;
				CLANG_WARN_DOCUMENTATION_COMMENTS = YES;
				CLANG_WARN_EMPTY_BODY = YES;
				CLANG_WARN_ENUM_CONVERSION = YES;
				CLANG_WARN_INFINITE_RECURSION = YES;
				CLANG_WARN_INT_CONVERSION = YES;
				CLANG_WARN_NON_LITERAL_NULL_CONVERSION = YES;
				CLANG_WARN_OBJC_IMPLICIT_RETAIN_SELF = YES;
				CLANG_WARN_OBJC_LITERAL_CONVERSION = YES;
				CLANG_WARN_OBJC_ROOT_CLASS = YES_ERROR;
				CLANG_WARN_QUOTED_INCLUDE_IN_FRAMEWORK_HEADER = YES;
				CLANG_WARN_RANGE_LOOP_ANALYSIS = YES;
				CLANG_WARN_STRICT_PROTOTYPES = YES;
				CLANG_WARN_SUSPICIOUS_MOVE = YES;
				CLANG_WARN_UNGUARDED_AVAILABILITY = YES_AGGRESSIVE;
				CLANG_WARN_UNREACHABLE_CODE = YES;
				CLANG_WARN__DUPLICATE_METHOD_MATCH = YES;
				COPY_PHASE_STRIP = NO;
				DEBUG_INFORMATION_FORMAT = dwarf;
				ENABLE_STRICT_OBJC_MSGSEND = YES;
				ENABLE_TESTABILITY = YES;
				GCC_C_LANGUAGE_STANDARD = gnu11;
				GCC_DYNAMIC_NO_PIC = NO;
				GCC_NO_COMMON_BLOCKS = YES;
				GCC_OPTIMIZATION_LEVEL = 0;
				GCC_PREPROCESSOR_DEFINITIONS = (
					"DEBUG=1",
					"$(inherited)",
				);
				GCC_WARN_64_TO_32_BIT_CONVERSION = YES;
				GCC_WARN_ABOUT_RETURN_TYPE = YES_ERROR;
				GCC_WARN_UNDECLARED_SELECTOR = YES;
				GCC_WARN_UNINITIALIZED_AUTOS = YES_AGGRESSIVE;
				GCC_WARN_UNUSED_FUNCTION = YES;
				GCC_WARN_UNUSED_VARIABLE = YES;
				IPHONEOS_DEPLOYMENT_TARGET = 16.0;
				MTL_ENABLE_DEBUG_INFO = INCLUDE_SOURCE;
				MTL_FAST_MATH = YES;
				ONLY_ACTIVE_ARCH = YES;
				SDKROOT = iphoneos;
				SWIFT_ACTIVE_COMPILATION_CONDITIONS = DEBUG;
				SWIFT_OPTIMIZATION_LEVEL = "-Onone";
			};
			name = Debug;
		};
		4E8DC027292B9648009A7B25 /* Release */ = {
			isa = XCBuildConfiguration;
			buildSettings = {
				ALWAYS_SEARCH_USER_PATHS = NO;
				CLANG_ANALYZER_NONNULL = YES;
				CLANG_ANALYZER_NUMBER_OBJECT_CONVERSION = YES_AGGRESSIVE;
				CLANG_CXX_LANGUAGE_STANDARD = "gnu++20";
				CLANG_ENABLE_MODULES = YES;
				CLANG_ENABLE_OBJC_ARC = YES;
				CLANG_ENABLE_OBJC_WEAK = YES;
				CLANG_WARN_BLOCK_CAPTURE_AUTORELEASING = YES;
				CLANG_WARN_BOOL_CONVERSION = YES;
				CLANG_WARN_COMMA = YES;
				CLANG_WARN_CONSTANT_CONVERSION = YES;
				CLANG_WARN_DEPRECATED_OBJC_IMPLEMENTATIONS = YES;
				CLANG_WARN_DIRECT_OBJC_ISA_USAGE = YES_ERROR;
				CLANG_WARN_DOCUMENTATION_COMMENTS = YES;
				CLANG_WARN_EMPTY_BODY = YES;
				CLANG_WARN_ENUM_CONVERSION = YES;
				CLANG_WARN_INFINITE_RECURSION = YES;
				CLANG_WARN_INT_CONVERSION = YES;
				CLANG_WARN_NON_LITERAL_NULL_CONVERSION = YES;
				CLANG_WARN_OBJC_IMPLICIT_RETAIN_SELF = YES;
				CLANG_WARN_OBJC_LITERAL_CONVERSION = YES;
				CLANG_WARN_OBJC_ROOT_CLASS = YES_ERROR;
				CLANG_WARN_QUOTED_INCLUDE_IN_FRAMEWORK_HEADER = YES;
				CLANG_WARN_RANGE_LOOP_ANALYSIS = YES;
				CLANG_WARN_STRICT_PROTOTYPES = YES;
				CLANG_WARN_SUSPICIOUS_MOVE = YES;
				CLANG_WARN_UNGUARDED_AVAILABILITY = YES_AGGRESSIVE;
				CLANG_WARN_UNREACHABLE_CODE = YES;
				CLANG_WARN__DUPLICATE_METHOD_MATCH = YES;
				COPY_PHASE_STRIP = NO;
				DEBUG_INFORMATION_FORMAT = "dwarf-with-dsym";
				ENABLE_NS_ASSERTIONS = NO;
				ENABLE_STRICT_OBJC_MSGSEND = YES;
				GCC_C_LANGUAGE_STANDARD = gnu11;
				GCC_NO_COMMON_BLOCKS = YES;
				GCC_WARN_64_TO_32_BIT_CONVERSION = YES;
				GCC_WARN_ABOUT_RETURN_TYPE = YES_ERROR;
				GCC_WARN_UNDECLARED_SELECTOR = YES;
				GCC_WARN_UNINITIALIZED_AUTOS = YES_AGGRESSIVE;
				GCC_WARN_UNUSED_FUNCTION = YES;
				GCC_WARN_UNUSED_VARIABLE = YES;
				IPHONEOS_DEPLOYMENT_TARGET = 16.0;
				MTL_ENABLE_DEBUG_INFO = NO;
				MTL_FAST_MATH = YES;
				SDKROOT = iphoneos;
				SWIFT_COMPILATION_MODE = wholemodule;
				SWIFT_OPTIMIZATION_LEVEL = "-O";
				VALIDATE_PRODUCT = YES;
			};
			name = Release;
		};
		4E8DC029292B9648009A7B25 /* Debug */ = {
			isa = XCBuildConfiguration;
			buildSettings = {
				ASSETCATALOG_COMPILER_APPICON_NAME = AppIcon;
				ASSETCATALOG_COMPILER_GLOBAL_ACCENT_COLOR_NAME = AccentColor;
				CODE_SIGN_STYLE = Automatic;
				CURRENT_PROJECT_VERSION = 1;
				DEVELOPMENT_TEAM = 5ZYV4X786K;
				GENERATE_INFOPLIST_FILE = YES;
				INFOPLIST_FILE = Parilet/SupportingFiles/Info.plist;
				INFOPLIST_KEY_NSLocationAlwaysAndWhenInUseUsageDescription = "";
				INFOPLIST_KEY_NSLocationWhenInUseUsageDescription = "";
				INFOPLIST_KEY_UIApplicationSupportsIndirectInputEvents = YES;
				INFOPLIST_KEY_UILaunchStoryboardName = LaunchScreen;
				INFOPLIST_KEY_UISupportedInterfaceOrientations = "UIInterfaceOrientationLandscapeLeft UIInterfaceOrientationLandscapeRight UIInterfaceOrientationPortrait UIInterfaceOrientationPortraitUpsideDown";
				IPHONEOS_DEPLOYMENT_TARGET = 14.0;
				LD_RUNPATH_SEARCH_PATHS = (
					"$(inherited)",
					"@executable_path/Frameworks",
				);
				MARKETING_VERSION = 1.0;
				PRODUCT_BUNDLE_IDENTIFIER = "-.Parilet";
				PRODUCT_NAME = "$(TARGET_NAME)";
				SWIFT_EMIT_LOC_STRINGS = YES;
				SWIFT_VERSION = 5.0;
				TARGETED_DEVICE_FAMILY = "1,2";
			};
			name = Debug;
		};
		4E8DC02A292B9648009A7B25 /* Release */ = {
			isa = XCBuildConfiguration;
			buildSettings = {
				ASSETCATALOG_COMPILER_APPICON_NAME = AppIcon;
				ASSETCATALOG_COMPILER_GLOBAL_ACCENT_COLOR_NAME = AccentColor;
				CODE_SIGN_STYLE = Automatic;
				CURRENT_PROJECT_VERSION = 1;
				DEVELOPMENT_TEAM = 5ZYV4X786K;
				GENERATE_INFOPLIST_FILE = YES;
				INFOPLIST_FILE = Parilet/SupportingFiles/Info.plist;
				INFOPLIST_KEY_NSLocationAlwaysAndWhenInUseUsageDescription = "";
				INFOPLIST_KEY_NSLocationWhenInUseUsageDescription = "";
				INFOPLIST_KEY_UIApplicationSupportsIndirectInputEvents = YES;
				INFOPLIST_KEY_UILaunchStoryboardName = LaunchScreen;
				INFOPLIST_KEY_UISupportedInterfaceOrientations = "UIInterfaceOrientationLandscapeLeft UIInterfaceOrientationLandscapeRight UIInterfaceOrientationPortrait UIInterfaceOrientationPortraitUpsideDown";
				IPHONEOS_DEPLOYMENT_TARGET = 14.0;
				LD_RUNPATH_SEARCH_PATHS = (
					"$(inherited)",
					"@executable_path/Frameworks",
				);
				MARKETING_VERSION = 1.0;
				PRODUCT_BUNDLE_IDENTIFIER = "-.Parilet";
				PRODUCT_NAME = "$(TARGET_NAME)";
				SWIFT_EMIT_LOC_STRINGS = YES;
				SWIFT_VERSION = 5.0;
				TARGETED_DEVICE_FAMILY = "1,2";
			};
			name = Release;
		};
/* End XCBuildConfiguration section */

/* Begin XCConfigurationList section */
		4E8DC00F292B9648009A7B25 /* Build configuration list for PBXProject "Parilet" */ = {
			isa = XCConfigurationList;
			buildConfigurations = (
				4E8DC026292B9648009A7B25 /* Debug */,
				4E8DC027292B9648009A7B25 /* Release */,
			);
			defaultConfigurationIsVisible = 0;
			defaultConfigurationName = Release;
		};
		4E8DC028292B9648009A7B25 /* Build configuration list for PBXNativeTarget "Parilet" */ = {
			isa = XCConfigurationList;
			buildConfigurations = (
				4E8DC029292B9648009A7B25 /* Debug */,
				4E8DC02A292B9648009A7B25 /* Release */,
			);
			defaultConfigurationIsVisible = 0;
			defaultConfigurationName = Release;
		};
/* End XCConfigurationList section */

/* Begin XCRemoteSwiftPackageReference section */
		4E1C306F292BB6FD00F5859D /* XCRemoteSwiftPackageReference "RxSwift" */ = {
			isa = XCRemoteSwiftPackageReference;
			repositoryURL = "https://github.com/ReactiveX/RxSwift.git";
			requirement = {
				branch = main;
				kind = branch;
			};
		};
		4E2977A32958A79F00FC7965 /* XCRemoteSwiftPackageReference "mapbox-directions-swift" */ = {
			isa = XCRemoteSwiftPackageReference;
			repositoryURL = "https://github.com/mapbox/mapbox-directions-swift.git";
			requirement = {
				branch = main;
				kind = branch;
			};
		};
		4E4896E8292D464000E1C6AE /* XCRemoteSwiftPackageReference "Alamofire" */ = {
			isa = XCRemoteSwiftPackageReference;
			repositoryURL = "https://github.com/Alamofire/Alamofire.git";
			requirement = {
				branch = master;
				kind = branch;
			};
		};
		4EB27E09292BBA7500A9938C /* XCRemoteSwiftPackageReference "mapbox-maps-ios" */ = {
			isa = XCRemoteSwiftPackageReference;
			repositoryURL = "https://github.com/mapbox/mapbox-maps-ios.git";
			requirement = {
				branch = main;
				kind = branch;
			};
		};
/* End XCRemoteSwiftPackageReference section */

/* Begin XCSwiftPackageProductDependency section */
		4E1C3070292BB6FD00F5859D /* RxCocoa */ = {
			isa = XCSwiftPackageProductDependency;
			package = 4E1C306F292BB6FD00F5859D /* XCRemoteSwiftPackageReference "RxSwift" */;
			productName = RxCocoa;
		};
		4E1C3072292BB6FD00F5859D /* RxRelay */ = {
			isa = XCSwiftPackageProductDependency;
			package = 4E1C306F292BB6FD00F5859D /* XCRemoteSwiftPackageReference "RxSwift" */;
			productName = RxRelay;
		};
		4E1C3074292BB6FD00F5859D /* RxSwift */ = {
			isa = XCSwiftPackageProductDependency;
			package = 4E1C306F292BB6FD00F5859D /* XCRemoteSwiftPackageReference "RxSwift" */;
			productName = RxSwift;
		};
		4E2977A42958A79F00FC7965 /* MapboxDirections */ = {
			isa = XCSwiftPackageProductDependency;
			package = 4E2977A32958A79F00FC7965 /* XCRemoteSwiftPackageReference "mapbox-directions-swift" */;
			productName = MapboxDirections;
		};
		4E4896E9292D464000E1C6AE /* Alamofire */ = {
			isa = XCSwiftPackageProductDependency;
			package = 4E4896E8292D464000E1C6AE /* XCRemoteSwiftPackageReference "Alamofire" */;
			productName = Alamofire;
		};
		4EB27E0A292BBA7500A9938C /* MapboxMaps */ = {
			isa = XCSwiftPackageProductDependency;
			package = 4EB27E09292BBA7500A9938C /* XCRemoteSwiftPackageReference "mapbox-maps-ios" */;
			productName = MapboxMaps;
		};
/* End XCSwiftPackageProductDependency section */
	};
	rootObject = 4E8DC00C292B9648009A7B25 /* Project object */;
}
